{
  "pins" : [
    {
      "identity" : "shsearchbar",
      "kind" : "remoteSourceControl",
      "location" : "https://github.com/Blackjacx/SHSearchBar.git",
      "state" : {
        "revision" : "0caa8c053f5ec481ffc8a5b31db7e8ecd326be39",
        "version" : "2.1.0"
      }
    },
    {
      "identity" : "swiftui-introspect",
      "kind" : "remoteSourceControl",
      "location" : "https://github.com/siteline/swiftui-introspect",
      "state" : {
        "revision" : "3ba734dd20faada0e3234b68e78db97005315f0e",
        "version" : "1.0.0"
      }
    }
  ],
  "version" : 2
}
