// !$*UTF8*$!
{
	archiveVersion = 1;
	classes = {
	};
	objectVersion = 56;
	objects = {

/* Begin PBXBuildFile section */
		8D207C332AC6A9AF0010954E /* DefaultIngredientView.swift in Sources */ = {isa = PBXBuildFile; fileRef = 8D207C322AC6A9AF0010954E /* DefaultIngredientView.swift */; };
		8D207C352AC6AA040010954E /* DefaultIngredientViewModel.swift in Sources */ = {isa = PBXBuildFile; fileRef = 8D207C342AC6AA040010954E /* DefaultIngredientViewModel.swift */; };
		8D299EB92ADFB215004F04A3 /* SlidingButtonView.swift in Sources */ = {isa = PBXBuildFile; fileRef = 8D299EB82ADFB215004F04A3 /* SlidingButtonView.swift */; };
		8D34EDDE2ADEE95E00D33637 /* NoLocationView.swift in Sources */ = {isa = PBXBuildFile; fileRef = 8D34EDDD2ADEE95E00D33637 /* NoLocationView.swift */; };
		8D43D7B22ABCF1BE0022F711 /* ExerciseViewModel.swift in Sources */ = {isa = PBXBuildFile; fileRef = 8D43D7B12ABCF1BE0022F711 /* ExerciseViewModel.swift */; };
		8D43D7B62ABD11580022F711 /* WgerExerciseCategory.swift in Sources */ = {isa = PBXBuildFile; fileRef = 8D43D7B52ABD11580022F711 /* WgerExerciseCategory.swift */; };
		8D43D7B82ABD353F0022F711 /* ExerciseCategoryView.swift in Sources */ = {isa = PBXBuildFile; fileRef = 8D43D7B72ABD353F0022F711 /* ExerciseCategoryView.swift */; };
		8D43D7BA2ABD3EFA0022F711 /* ExerciseDetailView.swift in Sources */ = {isa = PBXBuildFile; fileRef = 8D43D7B92ABD3EFA0022F711 /* ExerciseDetailView.swift */; };
		8D43D7BC2ABE3DB60022F711 /* WgerExerciseBaseResponse.swift in Sources */ = {isa = PBXBuildFile; fileRef = 8D43D7BB2ABE3DB60022F711 /* WgerExerciseBaseResponse.swift */; };
		8D43D7BF2ABE96980022F711 /* ExerciseCategoryViewModel.swift in Sources */ = {isa = PBXBuildFile; fileRef = 8D43D7BE2ABE96980022F711 /* ExerciseCategoryViewModel.swift */; };
		8D43D7C72ABEB1F70022F711 /* WgerExerciseData.swift in Sources */ = {isa = PBXBuildFile; fileRef = 8D43D7C62ABEB1F70022F711 /* WgerExerciseData.swift */; };
		8D4C243E2AB350260008447E /* WellNestApp.swift in Sources */ = {isa = PBXBuildFile; fileRef = 8D4C243D2AB350260008447E /* WellNestApp.swift */; };
		8D4C24402AB350260008447E /* ContentView.swift in Sources */ = {isa = PBXBuildFile; fileRef = 8D4C243F2AB350260008447E /* ContentView.swift */; };
		8D4C24422AB350260008447E /* Assets.xcassets in Resources */ = {isa = PBXBuildFile; fileRef = 8D4C24412AB350260008447E /* Assets.xcassets */; };
		8D4C24452AB350260008447E /* Preview Assets.xcassets in Resources */ = {isa = PBXBuildFile; fileRef = 8D4C24442AB350260008447E /* Preview Assets.xcassets */; };
		8D5A5E222AE37CF000AF9521 /* LikeButtonView.swift in Sources */ = {isa = PBXBuildFile; fileRef = 8D5A5E212AE37CEF00AF9521 /* LikeButtonView.swift */; };
		8D5A5E242AE385A700AF9521 /* UserProfileView.swift in Sources */ = {isa = PBXBuildFile; fileRef = 8D5A5E232AE385A700AF9521 /* UserProfileView.swift */; };
		8D5BEC4D2AD4ED980059A5C8 /* LocationDataManager.swift in Sources */ = {isa = PBXBuildFile; fileRef = 8D5BEC4C2AD4ED980059A5C8 /* LocationDataManager.swift */; };
		8D6D55652AD63D0200B9BA7F /* GeoLocationDetailsView.swift in Sources */ = {isa = PBXBuildFile; fileRef = 8D6D55642AD63D0200B9BA7F /* GeoLocationDetailsView.swift */; };
		8D6D55672AD65D4700B9BA7F /* LocationService.swift in Sources */ = {isa = PBXBuildFile; fileRef = 8D6D55662AD65D4700B9BA7F /* LocationService.swift */; };
		8D6D55702AD665FB00B9BA7F /* GeoConnectView.swift in Sources */ = {isa = PBXBuildFile; fileRef = 8D6D556F2AD665FB00B9BA7F /* GeoConnectView.swift */; };
		8D6D55722AD6660D00B9BA7F /* GeoConnectViewModel.swift in Sources */ = {isa = PBXBuildFile; fileRef = 8D6D55712AD6660D00B9BA7F /* GeoConnectViewModel.swift */; };
		8D6D55742AD7277600B9BA7F /* GeoConnectModel.swift in Sources */ = {isa = PBXBuildFile; fileRef = 8D6D55732AD7277600B9BA7F /* GeoConnectModel.swift */; };
		8D6D55762AD7CD4700B9BA7F /* PushNotificationService.swift in Sources */ = {isa = PBXBuildFile; fileRef = 8D6D55752AD7CD4700B9BA7F /* PushNotificationService.swift */; };
		8D9EF0892AC612C50062D566 /* WgerIngredientSearchResponse.swift in Sources */ = {isa = PBXBuildFile; fileRef = 8D9EF0882AC612C50062D566 /* WgerIngredientSearchResponse.swift */; };
		8D9EF08B2AC617D50062D566 /* MealViewModel.swift in Sources */ = {isa = PBXBuildFile; fileRef = 8D9EF08A2AC617D50062D566 /* MealViewModel.swift */; };
		8D9EF08E2AC61D720062D566 /* SHSearchBar in Frameworks */ = {isa = PBXBuildFile; productRef = 8D9EF08D2AC61D720062D566 /* SHSearchBar */; };
		8D9EF0902AC626C20062D566 /* WgerIngredientResponse.swift in Sources */ = {isa = PBXBuildFile; fileRef = 8D9EF08F2AC626C20062D566 /* WgerIngredientResponse.swift */; };
		8D9EF0952AC62D430062D566 /* IngredientDetailView.swift in Sources */ = {isa = PBXBuildFile; fileRef = 8D9EF0942AC62D430062D566 /* IngredientDetailView.swift */; };
		8D9EF0972AC633E70062D566 /* WgerIngredientData.swift in Sources */ = {isa = PBXBuildFile; fileRef = 8D9EF0962AC633E70062D566 /* WgerIngredientData.swift */; };
		8DA4E4AB2AB3F56000971E19 /* HomeView.swift in Sources */ = {isa = PBXBuildFile; fileRef = 8DA4E4AA2AB3F56000971E19 /* HomeView.swift */; };
		8DA4E4AD2AB3F66A00971E19 /* ExerciseView.swift in Sources */ = {isa = PBXBuildFile; fileRef = 8DA4E4AC2AB3F66A00971E19 /* ExerciseView.swift */; };
		8DA4E4AF2AB3F6E200971E19 /* MealView.swift in Sources */ = {isa = PBXBuildFile; fileRef = 8DA4E4AE2AB3F6E200971E19 /* MealView.swift */; };
		8DA4E4B12AB3F89D00971E19 /* FriendsView.swift in Sources */ = {isa = PBXBuildFile; fileRef = 8DA4E4B02AB3F89D00971E19 /* FriendsView.swift */; };
		8DA4E4B72AB403A400971E19 /* ProfileIconView.swift in Sources */ = {isa = PBXBuildFile; fileRef = 8DA4E4B62AB403A400971E19 /* ProfileIconView.swift */; };
		8DA4E4B92AB40B4200971E19 /* ProfileModalView.swift in Sources */ = {isa = PBXBuildFile; fileRef = 8DA4E4B82AB40B4200971E19 /* ProfileModalView.swift */; };
		8DA4E4BE2AB505B800971E19 /* NavbarToolbarModifier.swift in Sources */ = {isa = PBXBuildFile; fileRef = 8DA4E4BD2AB505B800971E19 /* NavbarToolbarModifier.swift */; };
		8DA4E4C22AB5086E00971E19 /* SwiftUIIntrospect in Frameworks */ = {isa = PBXBuildFile; productRef = 8DA4E4C12AB5086E00971E19 /* SwiftUIIntrospect */; };
		8DDC059A2ABC2C0500287D4F /* Constants.swift in Sources */ = {isa = PBXBuildFile; fileRef = 8DDC05992ABC2C0500287D4F /* Constants.swift */; };
		8DDC059F2ABC344D00287D4F /* ResizableAsyncImage.swift in Sources */ = {isa = PBXBuildFile; fileRef = 8DDC059E2ABC344D00287D4F /* ResizableAsyncImage.swift */; };
		8DDC05A92ABC3AB700287D4F /* WgerEndpoints.swift in Sources */ = {isa = PBXBuildFile; fileRef = 8DDC05A82ABC3AB700287D4F /* WgerEndpoints.swift */; };
		8DDC05AB2ABC3E0E00287D4F /* WgerExerciseSearchResponse.swift in Sources */ = {isa = PBXBuildFile; fileRef = 8DDC05AA2ABC3E0E00287D4F /* WgerExerciseSearchResponse.swift */; };
		8DDC05AD2ABC3E7100287D4F /* APIService.swift in Sources */ = {isa = PBXBuildFile; fileRef = 8DDC05AC2ABC3E7100287D4F /* APIService.swift */; };
/* End PBXBuildFile section */

/* Begin PBXFileReference section */
		8D207C322AC6A9AF0010954E /* DefaultIngredientView.swift */ = {isa = PBXFileReference; lastKnownFileType = sourcecode.swift; path = DefaultIngredientView.swift; sourceTree = "<group>"; };
		8D207C342AC6AA040010954E /* DefaultIngredientViewModel.swift */ = {isa = PBXFileReference; lastKnownFileType = sourcecode.swift; path = DefaultIngredientViewModel.swift; sourceTree = "<group>"; };
		8D299EB82ADFB215004F04A3 /* SlidingButtonView.swift */ = {isa = PBXFileReference; lastKnownFileType = sourcecode.swift; path = SlidingButtonView.swift; sourceTree = "<group>"; };
		8D34EDDD2ADEE95E00D33637 /* NoLocationView.swift */ = {isa = PBXFileReference; lastKnownFileType = sourcecode.swift; path = NoLocationView.swift; sourceTree = "<group>"; };
		8D43D7B12ABCF1BE0022F711 /* ExerciseViewModel.swift */ = {isa = PBXFileReference; lastKnownFileType = sourcecode.swift; path = ExerciseViewModel.swift; sourceTree = "<group>"; };
		8D43D7B52ABD11580022F711 /* WgerExerciseCategory.swift */ = {isa = PBXFileReference; lastKnownFileType = sourcecode.swift; path = WgerExerciseCategory.swift; sourceTree = "<group>"; };
		8D43D7B72ABD353F0022F711 /* ExerciseCategoryView.swift */ = {isa = PBXFileReference; lastKnownFileType = sourcecode.swift; path = ExerciseCategoryView.swift; sourceTree = "<group>"; };
		8D43D7B92ABD3EFA0022F711 /* ExerciseDetailView.swift */ = {isa = PBXFileReference; lastKnownFileType = sourcecode.swift; path = ExerciseDetailView.swift; sourceTree = "<group>"; };
		8D43D7BB2ABE3DB60022F711 /* WgerExerciseBaseResponse.swift */ = {isa = PBXFileReference; lastKnownFileType = sourcecode.swift; path = WgerExerciseBaseResponse.swift; sourceTree = "<group>"; };
		8D43D7BE2ABE96980022F711 /* ExerciseCategoryViewModel.swift */ = {isa = PBXFileReference; lastKnownFileType = sourcecode.swift; path = ExerciseCategoryViewModel.swift; sourceTree = "<group>"; };
		8D43D7C62ABEB1F70022F711 /* WgerExerciseData.swift */ = {isa = PBXFileReference; lastKnownFileType = sourcecode.swift; path = WgerExerciseData.swift; sourceTree = "<group>"; };
		8D4C243A2AB350260008447E /* WellNest.app */ = {isa = PBXFileReference; explicitFileType = wrapper.application; includeInIndex = 0; path = WellNest.app; sourceTree = BUILT_PRODUCTS_DIR; };
		8D4C243D2AB350260008447E /* WellNestApp.swift */ = {isa = PBXFileReference; lastKnownFileType = sourcecode.swift; path = WellNestApp.swift; sourceTree = "<group>"; };
		8D4C243F2AB350260008447E /* ContentView.swift */ = {isa = PBXFileReference; lastKnownFileType = sourcecode.swift; path = ContentView.swift; sourceTree = "<group>"; };
		8D4C24412AB350260008447E /* Assets.xcassets */ = {isa = PBXFileReference; lastKnownFileType = folder.assetcatalog; path = Assets.xcassets; sourceTree = "<group>"; };
		8D4C24442AB350260008447E /* Preview Assets.xcassets */ = {isa = PBXFileReference; lastKnownFileType = folder.assetcatalog; path = "Preview Assets.xcassets"; sourceTree = "<group>"; };
		8D5A5E212AE37CEF00AF9521 /* LikeButtonView.swift */ = {isa = PBXFileReference; lastKnownFileType = sourcecode.swift; path = LikeButtonView.swift; sourceTree = "<group>"; };
		8D5A5E232AE385A700AF9521 /* UserProfileView.swift */ = {isa = PBXFileReference; lastKnownFileType = sourcecode.swift; path = UserProfileView.swift; sourceTree = "<group>"; };
		8D5BEC4C2AD4ED980059A5C8 /* LocationDataManager.swift */ = {isa = PBXFileReference; lastKnownFileType = sourcecode.swift; path = LocationDataManager.swift; sourceTree = "<group>"; };
		8D5BEC4E2AD5050C0059A5C8 /* Info.plist */ = {isa = PBXFileReference; lastKnownFileType = text.plist; path = Info.plist; sourceTree = "<group>"; };
		8D6D55642AD63D0200B9BA7F /* GeoLocationDetailsView.swift */ = {isa = PBXFileReference; lastKnownFileType = sourcecode.swift; path = GeoLocationDetailsView.swift; sourceTree = "<group>"; };
		8D6D55662AD65D4700B9BA7F /* LocationService.swift */ = {isa = PBXFileReference; lastKnownFileType = sourcecode.swift; path = LocationService.swift; sourceTree = "<group>"; };
		8D6D556F2AD665FB00B9BA7F /* GeoConnectView.swift */ = {isa = PBXFileReference; lastKnownFileType = sourcecode.swift; path = GeoConnectView.swift; sourceTree = "<group>"; };
		8D6D55712AD6660D00B9BA7F /* GeoConnectViewModel.swift */ = {isa = PBXFileReference; lastKnownFileType = sourcecode.swift; path = GeoConnectViewModel.swift; sourceTree = "<group>"; };
		8D6D55732AD7277600B9BA7F /* GeoConnectModel.swift */ = {isa = PBXFileReference; lastKnownFileType = sourcecode.swift; path = GeoConnectModel.swift; sourceTree = "<group>"; };
		8D6D55752AD7CD4700B9BA7F /* PushNotificationService.swift */ = {isa = PBXFileReference; lastKnownFileType = sourcecode.swift; path = PushNotificationService.swift; sourceTree = "<group>"; };
		8D6D55772AD7D6F000B9BA7F /* WellNest.entitlements */ = {isa = PBXFileReference; lastKnownFileType = text.plist.entitlements; path = WellNest.entitlements; sourceTree = "<group>"; };
		8D9EF0882AC612C50062D566 /* WgerIngredientSearchResponse.swift */ = {isa = PBXFileReference; lastKnownFileType = sourcecode.swift; path = WgerIngredientSearchResponse.swift; sourceTree = "<group>"; };
		8D9EF08A2AC617D50062D566 /* MealViewModel.swift */ = {isa = PBXFileReference; lastKnownFileType = sourcecode.swift; path = MealViewModel.swift; sourceTree = "<group>"; };
		8D9EF08F2AC626C20062D566 /* WgerIngredientResponse.swift */ = {isa = PBXFileReference; lastKnownFileType = sourcecode.swift; path = WgerIngredientResponse.swift; sourceTree = "<group>"; };
		8D9EF0942AC62D430062D566 /* IngredientDetailView.swift */ = {isa = PBXFileReference; lastKnownFileType = sourcecode.swift; path = IngredientDetailView.swift; sourceTree = "<group>"; };
		8D9EF0962AC633E70062D566 /* WgerIngredientData.swift */ = {isa = PBXFileReference; lastKnownFileType = sourcecode.swift; path = WgerIngredientData.swift; sourceTree = "<group>"; };
		8DA4E4AA2AB3F56000971E19 /* HomeView.swift */ = {isa = PBXFileReference; lastKnownFileType = sourcecode.swift; path = HomeView.swift; sourceTree = "<group>"; };
		8DA4E4AC2AB3F66A00971E19 /* ExerciseView.swift */ = {isa = PBXFileReference; lastKnownFileType = sourcecode.swift; path = ExerciseView.swift; sourceTree = "<group>"; };
		8DA4E4AE2AB3F6E200971E19 /* MealView.swift */ = {isa = PBXFileReference; lastKnownFileType = sourcecode.swift; path = MealView.swift; sourceTree = "<group>"; };
		8DA4E4B02AB3F89D00971E19 /* FriendsView.swift */ = {isa = PBXFileReference; lastKnownFileType = sourcecode.swift; path = FriendsView.swift; sourceTree = "<group>"; };
		8DA4E4B62AB403A400971E19 /* ProfileIconView.swift */ = {isa = PBXFileReference; lastKnownFileType = sourcecode.swift; path = ProfileIconView.swift; sourceTree = "<group>"; };
		8DA4E4B82AB40B4200971E19 /* ProfileModalView.swift */ = {isa = PBXFileReference; lastKnownFileType = sourcecode.swift; path = ProfileModalView.swift; sourceTree = "<group>"; };
		8DA4E4BD2AB505B800971E19 /* NavbarToolbarModifier.swift */ = {isa = PBXFileReference; lastKnownFileType = sourcecode.swift; path = NavbarToolbarModifier.swift; sourceTree = "<group>"; };
		8DDC05992ABC2C0500287D4F /* Constants.swift */ = {isa = PBXFileReference; lastKnownFileType = sourcecode.swift; path = Constants.swift; sourceTree = "<group>"; };
		8DDC059E2ABC344D00287D4F /* ResizableAsyncImage.swift */ = {isa = PBXFileReference; lastKnownFileType = sourcecode.swift; path = ResizableAsyncImage.swift; sourceTree = "<group>"; };
		8DDC05A82ABC3AB700287D4F /* WgerEndpoints.swift */ = {isa = PBXFileReference; lastKnownFileType = sourcecode.swift; path = WgerEndpoints.swift; sourceTree = "<group>"; };
		8DDC05AA2ABC3E0E00287D4F /* WgerExerciseSearchResponse.swift */ = {isa = PBXFileReference; lastKnownFileType = sourcecode.swift; path = WgerExerciseSearchResponse.swift; sourceTree = "<group>"; };
		8DDC05AC2ABC3E7100287D4F /* APIService.swift */ = {isa = PBXFileReference; lastKnownFileType = sourcecode.swift; path = APIService.swift; sourceTree = "<group>"; };
/* End PBXFileReference section */

/* Begin PBXFrameworksBuildPhase section */
		8D4C24372AB350260008447E /* Frameworks */ = {
			isa = PBXFrameworksBuildPhase;
			buildActionMask = 2147483647;
			files = (
				8DA4E4C22AB5086E00971E19 /* SwiftUIIntrospect in Frameworks */,
				8D9EF08E2AC61D720062D566 /* SHSearchBar in Frameworks */,
			);
			runOnlyForDeploymentPostprocessing = 0;
		};
/* End PBXFrameworksBuildPhase section */

/* Begin PBXGroup section */
		8D34EDDC2ADEE8E400D33637 /* ContentUnavailableView */ = {
			isa = PBXGroup;
			children = (
				8D34EDDD2ADEE95E00D33637 /* NoLocationView.swift */,
			);
			path = ContentUnavailableView;
			sourceTree = "<group>";
		};
		8D43D7BD2ABE8E2B0022F711 /* ExerciseView */ = {
			isa = PBXGroup;
			children = (
				8D43D7B72ABD353F0022F711 /* ExerciseCategoryView.swift */,
				8D43D7B92ABD3EFA0022F711 /* ExerciseDetailView.swift */,
				8DA4E4AC2AB3F66A00971E19 /* ExerciseView.swift */,
			);
			path = ExerciseView;
			sourceTree = "<group>";
		};
		8D43D7C02ABEAD720022F711 /* TestData */ = {
			isa = PBXGroup;
			children = (
				8D43D7C62ABEB1F70022F711 /* WgerExerciseData.swift */,
				8D9EF0962AC633E70062D566 /* WgerIngredientData.swift */,
			);
			path = TestData;
			sourceTree = "<group>";
		};
		8D4C24312AB350260008447E = {
			isa = PBXGroup;
			children = (
				8D5BEC4B2AD4ED5D0059A5C8 /* Manager */,
				8DDC05982ABC2BF000287D4F /* Constants */,
				8D4C243C2AB350260008447E /* WellNest */,
				8D4C243B2AB350260008447E /* Products */,
			);
			sourceTree = "<group>";
		};
		8D4C243B2AB350260008447E /* Products */ = {
			isa = PBXGroup;
			children = (
				8D4C243A2AB350260008447E /* WellNest.app */,
			);
			name = Products;
			sourceTree = "<group>";
		};
		8D4C243C2AB350260008447E /* WellNest */ = {
			isa = PBXGroup;
			children = (
				8D6D55772AD7D6F000B9BA7F /* WellNest.entitlements */,
				8D5BEC4E2AD5050C0059A5C8 /* Info.plist */,
				8D43D7C02ABEAD720022F711 /* TestData */,
				8DDC05A12ABC396400287D4F /* Networking */,
				8DDC05A02ABC392A00287D4F /* Service */,
				8DA4E4BC2AB5058C00971E19 /* ViewModifier */,
				8DA4E4A92AB3F40400971E19 /* ViewModels */,
				8DA4E4A82AB3F3EF00971E19 /* Models */,
				8DA4E4A72AB3F3E300971E19 /* Views */,
				8D4C243D2AB350260008447E /* WellNestApp.swift */,
				8D4C243F2AB350260008447E /* ContentView.swift */,
				8D4C24412AB350260008447E /* Assets.xcassets */,
				8D4C24432AB350260008447E /* Preview Content */,
			);
			path = WellNest;
			sourceTree = "<group>";
		};
		8D4C24432AB350260008447E /* Preview Content */ = {
			isa = PBXGroup;
			children = (
				8D4C24442AB350260008447E /* Preview Assets.xcassets */,
			);
			path = "Preview Content";
			sourceTree = "<group>";
		};
		8D5BEC4B2AD4ED5D0059A5C8 /* Manager */ = {
			isa = PBXGroup;
			children = (
				8D5BEC4C2AD4ED980059A5C8 /* LocationDataManager.swift */,
			);
			path = Manager;
			sourceTree = "<group>";
		};
		8D9EF0912AC62CE90062D566 /* MealView */ = {
			isa = PBXGroup;
			children = (
				8DA4E4AE2AB3F6E200971E19 /* MealView.swift */,
				8D9EF0942AC62D430062D566 /* IngredientDetailView.swift */,
				8D207C322AC6A9AF0010954E /* DefaultIngredientView.swift */,
			);
			path = MealView;
			sourceTree = "<group>";
		};
		8DA4E4A72AB3F3E300971E19 /* Views */ = {
			isa = PBXGroup;
			children = (
				8D34EDDC2ADEE8E400D33637 /* ContentUnavailableView */,
				8D9EF0912AC62CE90062D566 /* MealView */,
				8D43D7BD2ABE8E2B0022F711 /* ExerciseView */,
				8DA4E4AA2AB3F56000971E19 /* HomeView.swift */,
				8DA4E4B02AB3F89D00971E19 /* FriendsView.swift */,
				8DA4E4B62AB403A400971E19 /* ProfileIconView.swift */,
				8DA4E4B82AB40B4200971E19 /* ProfileModalView.swift */,
				8DDC059E2ABC344D00287D4F /* ResizableAsyncImage.swift */,
				8D6D55642AD63D0200B9BA7F /* GeoLocationDetailsView.swift */,
				8D6D556F2AD665FB00B9BA7F /* GeoConnectView.swift */,
				8D299EB82ADFB215004F04A3 /* SlidingButtonView.swift */,
				8D5A5E212AE37CEF00AF9521 /* LikeButtonView.swift */,
				8D5A5E232AE385A700AF9521 /* UserProfileView.swift */,
			);
			path = Views;
			sourceTree = "<group>";
		};
		8DA4E4A82AB3F3EF00971E19 /* Models */ = {
			isa = PBXGroup;
			children = (
				8D43D7B52ABD11580022F711 /* WgerExerciseCategory.swift */,
				8D6D55732AD7277600B9BA7F /* GeoConnectModel.swift */,
			);
			path = Models;
			sourceTree = "<group>";
		};
		8DA4E4A92AB3F40400971E19 /* ViewModels */ = {
			isa = PBXGroup;
			children = (
				8D43D7B12ABCF1BE0022F711 /* ExerciseViewModel.swift */,
				8D43D7BE2ABE96980022F711 /* ExerciseCategoryViewModel.swift */,
				8D9EF08A2AC617D50062D566 /* MealViewModel.swift */,
				8D207C342AC6AA040010954E /* DefaultIngredientViewModel.swift */,
				8D6D55712AD6660D00B9BA7F /* GeoConnectViewModel.swift */,
			);
			path = ViewModels;
			sourceTree = "<group>";
		};
		8DA4E4BC2AB5058C00971E19 /* ViewModifier */ = {
			isa = PBXGroup;
			children = (
				8DA4E4BD2AB505B800971E19 /* NavbarToolbarModifier.swift */,
			);
			path = ViewModifier;
			sourceTree = "<group>";
		};
		8DDC05982ABC2BF000287D4F /* Constants */ = {
			isa = PBXGroup;
			children = (
				8DDC05992ABC2C0500287D4F /* Constants.swift */,
			);
			path = Constants;
			sourceTree = "<group>";
		};
		8DDC05A02ABC392A00287D4F /* Service */ = {
			isa = PBXGroup;
			children = (
				8DDC05AC2ABC3E7100287D4F /* APIService.swift */,
				8D6D55662AD65D4700B9BA7F /* LocationService.swift */,
				8D6D55752AD7CD4700B9BA7F /* PushNotificationService.swift */,
			);
			path = Service;
			sourceTree = "<group>";
		};
		8DDC05A12ABC396400287D4F /* Networking */ = {
			isa = PBXGroup;
			children = (
				8DDC05A62ABC3A9200287D4F /* API */,
			);
			path = Networking;
			sourceTree = "<group>";
		};
		8DDC05A62ABC3A9200287D4F /* API */ = {
			isa = PBXGroup;
			children = (
				8DDC05A72ABC3A9B00287D4F /* Wger */,
			);
			path = API;
			sourceTree = "<group>";
		};
		8DDC05A72ABC3A9B00287D4F /* Wger */ = {
			isa = PBXGroup;
			children = (
				8DDC05A82ABC3AB700287D4F /* WgerEndpoints.swift */,
				8DDC05AA2ABC3E0E00287D4F /* WgerExerciseSearchResponse.swift */,
				8D43D7BB2ABE3DB60022F711 /* WgerExerciseBaseResponse.swift */,
				8D9EF0882AC612C50062D566 /* WgerIngredientSearchResponse.swift */,
				8D9EF08F2AC626C20062D566 /* WgerIngredientResponse.swift */,
			);
			path = Wger;
			sourceTree = "<group>";
		};
/* End PBXGroup section */

/* Begin PBXNativeTarget section */
		8D4C24392AB350260008447E /* WellNest */ = {
			isa = PBXNativeTarget;
			buildConfigurationList = 8D4C24482AB350260008447E /* Build configuration list for PBXNativeTarget "WellNest" */;
			buildPhases = (
				8D4C24362AB350260008447E /* Sources */,
				8D4C24372AB350260008447E /* Frameworks */,
				8D4C24382AB350260008447E /* Resources */,
			);
			buildRules = (
			);
			dependencies = (
			);
			name = WellNest;
			packageProductDependencies = (
				8DA4E4C12AB5086E00971E19 /* SwiftUIIntrospect */,
				8D9EF08D2AC61D720062D566 /* SHSearchBar */,
			);
			productName = WellNest;
			productReference = 8D4C243A2AB350260008447E /* WellNest.app */;
			productType = "com.apple.product-type.application";
		};
/* End PBXNativeTarget section */

/* Begin PBXProject section */
		8D4C24322AB350260008447E /* Project object */ = {
			isa = PBXProject;
			attributes = {
				BuildIndependentTargetsInParallel = 1;
				LastSwiftUpdateCheck = 1430;
				LastUpgradeCheck = 1500;
				TargetAttributes = {
					8D4C24392AB350260008447E = {
						CreatedOnToolsVersion = 14.3.1;
					};
				};
			};
			buildConfigurationList = 8D4C24352AB350260008447E /* Build configuration list for PBXProject "WellNest" */;
			compatibilityVersion = "Xcode 14.0";
			developmentRegion = en;
			hasScannedForEncodings = 0;
			knownRegions = (
				en,
				Base,
			);
			mainGroup = 8D4C24312AB350260008447E;
			packageReferences = (
				8DA4E4C02AB5086E00971E19 /* XCRemoteSwiftPackageReference "swiftui-introspect" */,
				8D9EF08C2AC61D720062D566 /* XCRemoteSwiftPackageReference "SHSearchBar" */,
			);
			productRefGroup = 8D4C243B2AB350260008447E /* Products */;
			projectDirPath = "";
			projectRoot = "";
			targets = (
				8D4C24392AB350260008447E /* WellNest */,
			);
		};
/* End PBXProject section */

/* Begin PBXResourcesBuildPhase section */
		8D4C24382AB350260008447E /* Resources */ = {
			isa = PBXResourcesBuildPhase;
			buildActionMask = 2147483647;
			files = (
				8D4C24452AB350260008447E /* Preview Assets.xcassets in Resources */,
				8D4C24422AB350260008447E /* Assets.xcassets in Resources */,
			);
			runOnlyForDeploymentPostprocessing = 0;
		};
/* End PBXResourcesBuildPhase section */

/* Begin PBXSourcesBuildPhase section */
		8D4C24362AB350260008447E /* Sources */ = {
			isa = PBXSourcesBuildPhase;
			buildActionMask = 2147483647;
			files = (
				8D34EDDE2ADEE95E00D33637 /* NoLocationView.swift in Sources */,
				8D43D7BF2ABE96980022F711 /* ExerciseCategoryViewModel.swift in Sources */,
				8D9EF0972AC633E70062D566 /* WgerIngredientData.swift in Sources */,
				8D4C24402AB350260008447E /* ContentView.swift in Sources */,
				8D5BEC4D2AD4ED980059A5C8 /* LocationDataManager.swift in Sources */,
				8D9EF0892AC612C50062D566 /* WgerIngredientSearchResponse.swift in Sources */,
				8D9EF0952AC62D430062D566 /* IngredientDetailView.swift in Sources */,
				8DDC059A2ABC2C0500287D4F /* Constants.swift in Sources */,
				8DA4E4AB2AB3F56000971E19 /* HomeView.swift in Sources */,
				8D5A5E222AE37CF000AF9521 /* LikeButtonView.swift in Sources */,
				8D43D7C72ABEB1F70022F711 /* WgerExerciseData.swift in Sources */,
				8D43D7B82ABD353F0022F711 /* ExerciseCategoryView.swift in Sources */,
				8D6D55742AD7277600B9BA7F /* GeoConnectModel.swift in Sources */,
				8D6D55652AD63D0200B9BA7F /* GeoLocationDetailsView.swift in Sources */,
				8DA4E4BE2AB505B800971E19 /* NavbarToolbarModifier.swift in Sources */,
				8D43D7B22ABCF1BE0022F711 /* ExerciseViewModel.swift in Sources */,
				8D6D55702AD665FB00B9BA7F /* GeoConnectView.swift in Sources */,
				8D43D7BC2ABE3DB60022F711 /* WgerExerciseBaseResponse.swift in Sources */,
				8DA4E4B92AB40B4200971E19 /* ProfileModalView.swift in Sources */,
				8D6D55722AD6660D00B9BA7F /* GeoConnectViewModel.swift in Sources */,
				8DDC059F2ABC344D00287D4F /* ResizableAsyncImage.swift in Sources */,
				8D43D7BA2ABD3EFA0022F711 /* ExerciseDetailView.swift in Sources */,
				8D43D7B62ABD11580022F711 /* WgerExerciseCategory.swift in Sources */,
				8D4C243E2AB350260008447E /* WellNestApp.swift in Sources */,
				8D299EB92ADFB215004F04A3 /* SlidingButtonView.swift in Sources */,
				8DA4E4AD2AB3F66A00971E19 /* ExerciseView.swift in Sources */,
				8D207C352AC6AA040010954E /* DefaultIngredientViewModel.swift in Sources */,
				8DDC05AD2ABC3E7100287D4F /* APIService.swift in Sources */,
				8D9EF08B2AC617D50062D566 /* MealViewModel.swift in Sources */,
				8DA4E4B12AB3F89D00971E19 /* FriendsView.swift in Sources */,
				8DDC05AB2ABC3E0E00287D4F /* WgerExerciseSearchResponse.swift in Sources */,
				8D5A5E242AE385A700AF9521 /* UserProfileView.swift in Sources */,
				8D207C332AC6A9AF0010954E /* DefaultIngredientView.swift in Sources */,
				8D9EF0902AC626C20062D566 /* WgerIngredientResponse.swift in Sources */,
				8DA4E4AF2AB3F6E200971E19 /* MealView.swift in Sources */,
				8D6D55762AD7CD4700B9BA7F /* PushNotificationService.swift in Sources */,
				8DA4E4B72AB403A400971E19 /* ProfileIconView.swift in Sources */,
				8DDC05A92ABC3AB700287D4F /* WgerEndpoints.swift in Sources */,
				8D6D55672AD65D4700B9BA7F /* LocationService.swift in Sources */,
			);
			runOnlyForDeploymentPostprocessing = 0;
		};
/* End PBXSourcesBuildPhase section */

/* Begin XCBuildConfiguration section */
		8D4C24462AB350260008447E /* Debug */ = {
			isa = XCBuildConfiguration;
			buildSettings = {
				ALWAYS_SEARCH_USER_PATHS = NO;
				ASSETCATALOG_COMPILER_GENERATE_SWIFT_ASSET_SYMBOL_EXTENSIONS = YES;
				CLANG_ANALYZER_NONNULL = YES;
				CLANG_ANALYZER_NUMBER_OBJECT_CONVERSION = YES_AGGRESSIVE;
				CLANG_CXX_LANGUAGE_STANDARD = "gnu++20";
				CLANG_ENABLE_MODULES = YES;
				CLANG_ENABLE_OBJC_ARC = YES;
				CLANG_ENABLE_OBJC_WEAK = YES;
				CLANG_WARN_BLOCK_CAPTURE_AUTORELEASING = YES;
				CLANG_WARN_BOOL_CONVERSION = YES;
				CLANG_WARN_COMMA = YES;
				CLANG_WARN_CONSTANT_CONVERSION = YES;
				CLANG_WARN_DEPRECATED_OBJC_IMPLEMENTATIONS = YES;
				CLANG_WARN_DIRECT_OBJC_ISA_USAGE = YES_ERROR;
				CLANG_WARN_DOCUMENTATION_COMMENTS = YES;
				CLANG_WARN_EMPTY_BODY = YES;
				CLANG_WARN_ENUM_CONVERSION = YES;
				CLANG_WARN_INFINITE_RECURSION = YES;
				CLANG_WARN_INT_CONVERSION = YES;
				CLANG_WARN_NON_LITERAL_NULL_CONVERSION = YES;
				CLANG_WARN_OBJC_IMPLICIT_RETAIN_SELF = YES;
				CLANG_WARN_OBJC_LITERAL_CONVERSION = YES;
				CLANG_WARN_OBJC_ROOT_CLASS = YES_ERROR;
				CLANG_WARN_QUOTED_INCLUDE_IN_FRAMEWORK_HEADER = YES;
				CLANG_WARN_RANGE_LOOP_ANALYSIS = YES;
				CLANG_WARN_STRICT_PROTOTYPES = YES;
				CLANG_WARN_SUSPICIOUS_MOVE = YES;
				CLANG_WARN_UNGUARDED_AVAILABILITY = YES_AGGRESSIVE;
				CLANG_WARN_UNREACHABLE_CODE = YES;
				CLANG_WARN__DUPLICATE_METHOD_MATCH = YES;
				COPY_PHASE_STRIP = NO;
				DEBUG_INFORMATION_FORMAT = dwarf;
				ENABLE_STRICT_OBJC_MSGSEND = YES;
				ENABLE_TESTABILITY = YES;
				ENABLE_USER_SCRIPT_SANDBOXING = YES;
				GCC_C_LANGUAGE_STANDARD = gnu11;
				GCC_DYNAMIC_NO_PIC = NO;
				GCC_NO_COMMON_BLOCKS = YES;
				GCC_OPTIMIZATION_LEVEL = 0;
				GCC_PREPROCESSOR_DEFINITIONS = (
					"DEBUG=1",
					"$(inherited)",
				);
				GCC_WARN_64_TO_32_BIT_CONVERSION = YES;
				GCC_WARN_ABOUT_RETURN_TYPE = YES_ERROR;
				GCC_WARN_UNDECLARED_SELECTOR = YES;
				GCC_WARN_UNINITIALIZED_AUTOS = YES_AGGRESSIVE;
				GCC_WARN_UNUSED_FUNCTION = YES;
				GCC_WARN_UNUSED_VARIABLE = YES;
				IPHONEOS_DEPLOYMENT_TARGET = 16.4;
				MTL_ENABLE_DEBUG_INFO = INCLUDE_SOURCE;
				MTL_FAST_MATH = YES;
				ONLY_ACTIVE_ARCH = YES;
				SDKROOT = iphoneos;
				SWIFT_ACTIVE_COMPILATION_CONDITIONS = DEBUG;
				SWIFT_OPTIMIZATION_LEVEL = "-Onone";
			};
			name = Debug;
		};
		8D4C24472AB350260008447E /* Release */ = {
			isa = XCBuildConfiguration;
			buildSettings = {
				ALWAYS_SEARCH_USER_PATHS = NO;
				ASSETCATALOG_COMPILER_GENERATE_SWIFT_ASSET_SYMBOL_EXTENSIONS = YES;
				CLANG_ANALYZER_NONNULL = YES;
				CLANG_ANALYZER_NUMBER_OBJECT_CONVERSION = YES_AGGRESSIVE;
				CLANG_CXX_LANGUAGE_STANDARD = "gnu++20";
				CLANG_ENABLE_MODULES = YES;
				CLANG_ENABLE_OBJC_ARC = YES;
				CLANG_ENABLE_OBJC_WEAK = YES;
				CLANG_WARN_BLOCK_CAPTURE_AUTORELEASING = YES;
				CLANG_WARN_BOOL_CONVERSION = YES;
				CLANG_WARN_COMMA = YES;
				CLANG_WARN_CONSTANT_CONVERSION = YES;
				CLANG_WARN_DEPRECATED_OBJC_IMPLEMENTATIONS = YES;
				CLANG_WARN_DIRECT_OBJC_ISA_USAGE = YES_ERROR;
				CLANG_WARN_DOCUMENTATION_COMMENTS = YES;
				CLANG_WARN_EMPTY_BODY = YES;
				CLANG_WARN_ENUM_CONVERSION = YES;
				CLANG_WARN_INFINITE_RECURSION = YES;
				CLANG_WARN_INT_CONVERSION = YES;
				CLANG_WARN_NON_LITERAL_NULL_CONVERSION = YES;
				CLANG_WARN_OBJC_IMPLICIT_RETAIN_SELF = YES;
				CLANG_WARN_OBJC_LITERAL_CONVERSION = YES;
				CLANG_WARN_OBJC_ROOT_CLASS = YES_ERROR;
				CLANG_WARN_QUOTED_INCLUDE_IN_FRAMEWORK_HEADER = YES;
				CLANG_WARN_RANGE_LOOP_ANALYSIS = YES;
				CLANG_WARN_STRICT_PROTOTYPES = YES;
				CLANG_WARN_SUSPICIOUS_MOVE = YES;
				CLANG_WARN_UNGUARDED_AVAILABILITY = YES_AGGRESSIVE;
				CLANG_WARN_UNREACHABLE_CODE = YES;
				CLANG_WARN__DUPLICATE_METHOD_MATCH = YES;
				COPY_PHASE_STRIP = NO;
				DEBUG_INFORMATION_FORMAT = "dwarf-with-dsym";
				ENABLE_NS_ASSERTIONS = NO;
				ENABLE_STRICT_OBJC_MSGSEND = YES;
				ENABLE_USER_SCRIPT_SANDBOXING = YES;
				GCC_C_LANGUAGE_STANDARD = gnu11;
				GCC_NO_COMMON_BLOCKS = YES;
				GCC_WARN_64_TO_32_BIT_CONVERSION = YES;
				GCC_WARN_ABOUT_RETURN_TYPE = YES_ERROR;
				GCC_WARN_UNDECLARED_SELECTOR = YES;
				GCC_WARN_UNINITIALIZED_AUTOS = YES_AGGRESSIVE;
				GCC_WARN_UNUSED_FUNCTION = YES;
				GCC_WARN_UNUSED_VARIABLE = YES;
				IPHONEOS_DEPLOYMENT_TARGET = 16.4;
				MTL_ENABLE_DEBUG_INFO = NO;
				MTL_FAST_MATH = YES;
				SDKROOT = iphoneos;
				SWIFT_COMPILATION_MODE = wholemodule;
				SWIFT_OPTIMIZATION_LEVEL = "-O";
				VALIDATE_PRODUCT = YES;
			};
			name = Release;
		};
		8D4C24492AB350260008447E /* Debug */ = {
			isa = XCBuildConfiguration;
			buildSettings = {
				ASSETCATALOG_COMPILER_APPICON_NAME = AppIcon;
				ASSETCATALOG_COMPILER_GLOBAL_ACCENT_COLOR_NAME = AccentColor;
				CODE_SIGN_ENTITLEMENTS = WellNest/WellNest.entitlements;
				CODE_SIGN_IDENTITY = "Apple Development";
				CODE_SIGN_STYLE = Automatic;
				CURRENT_PROJECT_VERSION = 1;
				DEVELOPMENT_ASSET_PATHS = "\"WellNest/Preview Content\"";
				DEVELOPMENT_TEAM = 4V2A3544C7;
				ENABLE_PREVIEWS = YES;
				GENERATE_INFOPLIST_FILE = YES;
				INFOPLIST_FILE = WellNest/Info.plist;
				INFOPLIST_KEY_CFBundleDisplayName = WellNest;
				INFOPLIST_KEY_LSApplicationCategoryType = "public.app-category.lifestyle";
				INFOPLIST_KEY_NSLocationAlwaysUsageDescription = "";
				INFOPLIST_KEY_NSLocationWhenInUseUsageDescription = "App needs to access your location data to tell you your location";
				INFOPLIST_KEY_UIApplicationSceneManifest_Generation = YES;
				INFOPLIST_KEY_UIApplicationSupportsIndirectInputEvents = YES;
				INFOPLIST_KEY_UILaunchScreen_Generation = YES;
				INFOPLIST_KEY_UISupportedInterfaceOrientations_iPad = "UIInterfaceOrientationPortrait UIInterfaceOrientationPortraitUpsideDown UIInterfaceOrientationLandscapeLeft UIInterfaceOrientationLandscapeRight";
				INFOPLIST_KEY_UISupportedInterfaceOrientations_iPhone = "UIInterfaceOrientationPortrait UIInterfaceOrientationLandscapeLeft UIInterfaceOrientationLandscapeRight";
				IPHONEOS_DEPLOYMENT_TARGET = 17.0;
				LD_RUNPATH_SEARCH_PATHS = (
					"$(inherited)",
					"@executable_path/Frameworks",
				);
				MARKETING_VERSION = 1.0;
				PRODUCT_BUNDLE_IDENTIFIER = com.joshktruong.wellnest;
				PRODUCT_NAME = "$(TARGET_NAME)";
				PROVISIONING_PROFILE_SPECIFIER = "";
				SWIFT_EMIT_LOC_STRINGS = YES;
				SWIFT_VERSION = 5.0;
				TARGETED_DEVICE_FAMILY = "1,2";
			};
			name = Debug;
		};
		8D4C244A2AB350260008447E /* Release */ = {
			isa = XCBuildConfiguration;
			buildSettings = {
				ASSETCATALOG_COMPILER_APPICON_NAME = AppIcon;
				ASSETCATALOG_COMPILER_GLOBAL_ACCENT_COLOR_NAME = AccentColor;
				CODE_SIGN_ENTITLEMENTS = WellNest/WellNest.entitlements;
				CODE_SIGN_IDENTITY = "Apple Development";
				CODE_SIGN_STYLE = Automatic;
				CURRENT_PROJECT_VERSION = 1;
				DEVELOPMENT_ASSET_PATHS = "\"WellNest/Preview Content\"";
				DEVELOPMENT_TEAM = 4V2A3544C7;
				ENABLE_PREVIEWS = YES;
				GENERATE_INFOPLIST_FILE = YES;
				INFOPLIST_FILE = WellNest/Info.plist;
				INFOPLIST_KEY_CFBundleDisplayName = WellNest;
				INFOPLIST_KEY_LSApplicationCategoryType = "public.app-category.lifestyle";
				INFOPLIST_KEY_NSLocationAlwaysUsageDescription = "";
				INFOPLIST_KEY_NSLocationWhenInUseUsageDescription = "App needs to access your location data to tell you your location";
				INFOPLIST_KEY_UIApplicationSceneManifest_Generation = YES;
				INFOPLIST_KEY_UIApplicationSupportsIndirectInputEvents = YES;
				INFOPLIST_KEY_UILaunchScreen_Generation = YES;
				INFOPLIST_KEY_UISupportedInterfaceOrientations_iPad = "UIInterfaceOrientationPortrait UIInterfaceOrientationPortraitUpsideDown UIInterfaceOrientationLandscapeLeft UIInterfaceOrientationLandscapeRight";
				INFOPLIST_KEY_UISupportedInterfaceOrientations_iPhone = "UIInterfaceOrientationPortrait UIInterfaceOrientationLandscapeLeft UIInterfaceOrientationLandscapeRight";
				IPHONEOS_DEPLOYMENT_TARGET = 17.0;
				LD_RUNPATH_SEARCH_PATHS = (
					"$(inherited)",
					"@executable_path/Frameworks",
				);
				MARKETING_VERSION = 1.0;
				PRODUCT_BUNDLE_IDENTIFIER = com.joshktruong.wellnest;
				PRODUCT_NAME = "$(TARGET_NAME)";
				PROVISIONING_PROFILE_SPECIFIER = "";
				SWIFT_EMIT_LOC_STRINGS = YES;
				SWIFT_VERSION = 5.0;
				TARGETED_DEVICE_FAMILY = "1,2";
			};
			name = Release;
		};
/* End XCBuildConfiguration section */

/* Begin XCConfigurationList section */
		8D4C24352AB350260008447E /* Build configuration list for PBXProject "WellNest" */ = {
			isa = XCConfigurationList;
			buildConfigurations = (
				8D4C24462AB350260008447E /* Debug */,
				8D4C24472AB350260008447E /* Release */,
			);
			defaultConfigurationIsVisible = 0;
			defaultConfigurationName = Release;
		};
		8D4C24482AB350260008447E /* Build configuration list for PBXNativeTarget "WellNest" */ = {
			isa = XCConfigurationList;
			buildConfigurations = (
				8D4C24492AB350260008447E /* Debug */,
				8D4C244A2AB350260008447E /* Release */,
			);
			defaultConfigurationIsVisible = 0;
			defaultConfigurationName = Release;
		};
/* End XCConfigurationList section */

/* Begin XCRemoteSwiftPackageReference section */
		8D9EF08C2AC61D720062D566 /* XCRemoteSwiftPackageReference "SHSearchBar" */ = {
			isa = XCRemoteSwiftPackageReference;
			repositoryURL = "https://github.com/Blackjacx/SHSearchBar.git";
			requirement = {
				kind = upToNextMajorVersion;
				minimumVersion = 2.1.0;
			};
		};
		8DA4E4C02AB5086E00971E19 /* XCRemoteSwiftPackageReference "swiftui-introspect" */ = {
			isa = XCRemoteSwiftPackageReference;
			repositoryURL = "https://github.com/siteline/swiftui-introspect";
			requirement = {
				kind = upToNextMajorVersion;
				minimumVersion = 1.0.0;
			};
		};
/* End XCRemoteSwiftPackageReference section */

/* Begin XCSwiftPackageProductDependency section */
		8D9EF08D2AC61D720062D566 /* SHSearchBar */ = {
			isa = XCSwiftPackageProductDependency;
			package = 8D9EF08C2AC61D720062D566 /* XCRemoteSwiftPackageReference "SHSearchBar" */;
			productName = SHSearchBar;
		};
		8DA4E4C12AB5086E00971E19 /* SwiftUIIntrospect */ = {
			isa = XCSwiftPackageProductDependency;
			package = 8DA4E4C02AB5086E00971E19 /* XCRemoteSwiftPackageReference "swiftui-introspect" */;
			productName = SwiftUIIntrospect;
		};
/* End XCSwiftPackageProductDependency section */
	};
	rootObject = 8D4C24322AB350260008447E /* Project object */;
}
