// !$*UTF8*$!
{
	archiveVersion = 1;
	classes = {
	};
	objectVersion = 56;
	objects = {

/* Begin PBXBuildFile section */
		8D00F9BB2B002AC300FFD541 /* TasksView.swift in Sources */ = {isa = PBXBuildFile; fileRef = 8D00F9BA2B002AC300FFD541 /* TasksView.swift */; };
		8D00F9BD2B004FE200FFD541 /* NotesModel.swift in Sources */ = {isa = PBXBuildFile; fileRef = 8D00F9BC2B004FE200FFD541 /* NotesModel.swift */; };
		8D00F9C02B01976800FFD541 /* TaskDisplayView.swift in Sources */ = {isa = PBXBuildFile; fileRef = 8D00F9BF2B01976800FFD541 /* TaskDisplayView.swift */; };
		8D00F9C42B01ACDA00FFD541 /* IngredientsView.swift in Sources */ = {isa = PBXBuildFile; fileRef = 8D00F9C32B01ACDA00FFD541 /* IngredientsView.swift */; };
		8D00F9C82B01ADAC00FFD541 /* IngredientInfoView.swift in Sources */ = {isa = PBXBuildFile; fileRef = 8D00F9C72B01ADAC00FFD541 /* IngredientInfoView.swift */; };
		8D00F9CC2B01EA8700FFD541 /* IngredientViewModel.swift in Sources */ = {isa = PBXBuildFile; fileRef = 8D00F9CB2B01EA8700FFD541 /* IngredientViewModel.swift */; };
		8D00F9CF2B04AD8F00FFD541 /* NetworkError.swift in Sources */ = {isa = PBXBuildFile; fileRef = 8D00F9CE2B04AD8F00FFD541 /* NetworkError.swift */; };
		8D00F9D62B04C57400FFD541 /* String+Ext.swift in Sources */ = {isa = PBXBuildFile; fileRef = 8D00F9D52B04C57400FFD541 /* String+Ext.swift */; };
		8D00FA952B064A6F00FFD541 /* FirebaseAnalytics in Frameworks */ = {isa = PBXBuildFile; productRef = 8D00FA942B064A6F00FFD541 /* FirebaseAnalytics */; };
		8D00FA972B064A6F00FFD541 /* FirebaseAnalyticsOnDeviceConversion in Frameworks */ = {isa = PBXBuildFile; productRef = 8D00FA962B064A6F00FFD541 /* FirebaseAnalyticsOnDeviceConversion */; };
		8D00FA992B064A6F00FFD541 /* FirebaseAnalyticsSwift in Frameworks */ = {isa = PBXBuildFile; productRef = 8D00FA982B064A6F00FFD541 /* FirebaseAnalyticsSwift */; };
		8D00FA9B2B064A6F00FFD541 /* FirebaseAnalyticsWithoutAdIdSupport in Frameworks */ = {isa = PBXBuildFile; productRef = 8D00FA9A2B064A6F00FFD541 /* FirebaseAnalyticsWithoutAdIdSupport */; };
		8D00FA9D2B064A6F00FFD541 /* FirebaseAppCheck in Frameworks */ = {isa = PBXBuildFile; productRef = 8D00FA9C2B064A6F00FFD541 /* FirebaseAppCheck */; };
		8D0407C82AFD61DC0067AB17 /* ReauthenticationView.swift in Sources */ = {isa = PBXBuildFile; fileRef = 8D0407C72AFD61DC0067AB17 /* ReauthenticationView.swift */; };
		8D0407D22AFD65FE0067AB17 /* Priority.swift in Sources */ = {isa = PBXBuildFile; fileRef = 8D0407D12AFD65FE0067AB17 /* Priority.swift */; };
		8D156A172AFC2FD100E22283 /* ProfileView.swift in Sources */ = {isa = PBXBuildFile; fileRef = 8D156A162AFC2FD100E22283 /* ProfileView.swift */; };
		8D156A1A2AFC365F00E22283 /* AuthenticationService.swift in Sources */ = {isa = PBXBuildFile; fileRef = 8D156A192AFC365F00E22283 /* AuthenticationService.swift */; };
		8D156A1F2AFC3A0200E22283 /* User.swift in Sources */ = {isa = PBXBuildFile; fileRef = 8D156A1E2AFC3A0200E22283 /* User.swift */; };
		8D156A212AFC3B0F00E22283 /* AuthUserModel.swift in Sources */ = {isa = PBXBuildFile; fileRef = 8D156A202AFC3B0F00E22283 /* AuthUserModel.swift */; };
		8D1B0D702AF349C200B43D7B /* FirebaseAnalytics in Frameworks */ = {isa = PBXBuildFile; productRef = 8D1B0D6F2AF349C200B43D7B /* FirebaseAnalytics */; };
		8D1B0D722AF349C200B43D7B /* FirebaseAnalyticsOnDeviceConversion in Frameworks */ = {isa = PBXBuildFile; productRef = 8D1B0D712AF349C200B43D7B /* FirebaseAnalyticsOnDeviceConversion */; };
		8D1B0D742AF349C200B43D7B /* FirebaseAnalyticsSwift in Frameworks */ = {isa = PBXBuildFile; productRef = 8D1B0D732AF349C200B43D7B /* FirebaseAnalyticsSwift */; };
		8D1B0D762AF349C200B43D7B /* FirebaseAnalyticsWithoutAdIdSupport in Frameworks */ = {isa = PBXBuildFile; productRef = 8D1B0D752AF349C200B43D7B /* FirebaseAnalyticsWithoutAdIdSupport */; };
		8D1B0D782AF349C200B43D7B /* FirebaseAppCheck in Frameworks */ = {isa = PBXBuildFile; productRef = 8D1B0D772AF349C200B43D7B /* FirebaseAppCheck */; };
		8D207C332AC6A9AF0010954E /* DefaultIngredientView.swift in Sources */ = {isa = PBXBuildFile; fileRef = 8D207C322AC6A9AF0010954E /* DefaultIngredientView.swift */; };
		8D2450642AF3588200CA248F /* FirebaseAnalytics in Frameworks */ = {isa = PBXBuildFile; productRef = 8D2450632AF3588200CA248F /* FirebaseAnalytics */; };
		8D2450662AF3588200CA248F /* FirebaseAnalyticsOnDeviceConversion in Frameworks */ = {isa = PBXBuildFile; productRef = 8D2450652AF3588200CA248F /* FirebaseAnalyticsOnDeviceConversion */; };
		8D2450682AF3588200CA248F /* FirebaseAnalyticsSwift in Frameworks */ = {isa = PBXBuildFile; productRef = 8D2450672AF3588200CA248F /* FirebaseAnalyticsSwift */; };
		8D24506A2AF3588200CA248F /* FirebaseAnalyticsWithoutAdIdSupport in Frameworks */ = {isa = PBXBuildFile; productRef = 8D2450692AF3588200CA248F /* FirebaseAnalyticsWithoutAdIdSupport */; };
		8D24506C2AF3588200CA248F /* FirebaseAppCheck in Frameworks */ = {isa = PBXBuildFile; productRef = 8D24506B2AF3588200CA248F /* FirebaseAppCheck */; };
		8D24506E2AF358C700CA248F /* FirebaseAnalytics in Frameworks */ = {isa = PBXBuildFile; productRef = 8D24506D2AF358C700CA248F /* FirebaseAnalytics */; };
		8D2450702AF358C700CA248F /* FirebaseAnalyticsOnDeviceConversion in Frameworks */ = {isa = PBXBuildFile; productRef = 8D24506F2AF358C700CA248F /* FirebaseAnalyticsOnDeviceConversion */; };
		8D2450722AF358C700CA248F /* FirebaseAnalyticsSwift in Frameworks */ = {isa = PBXBuildFile; productRef = 8D2450712AF358C700CA248F /* FirebaseAnalyticsSwift */; };
		8D2450742AF358C700CA248F /* FirebaseAnalyticsWithoutAdIdSupport in Frameworks */ = {isa = PBXBuildFile; productRef = 8D2450732AF358C700CA248F /* FirebaseAnalyticsWithoutAdIdSupport */; };
		8D2450762AF358C700CA248F /* FirebaseAppCheck in Frameworks */ = {isa = PBXBuildFile; productRef = 8D2450752AF358C700CA248F /* FirebaseAppCheck */; };
		8D2450782AF358C700CA248F /* FirebaseAppDistribution-Beta in Frameworks */ = {isa = PBXBuildFile; productRef = 8D2450772AF358C700CA248F /* FirebaseAppDistribution-Beta */; };
		8D24507A2AF358C700CA248F /* FirebaseAuth in Frameworks */ = {isa = PBXBuildFile; productRef = 8D2450792AF358C700CA248F /* FirebaseAuth */; };
		8D24507C2AF358C700CA248F /* FirebaseAuthCombine-Community in Frameworks */ = {isa = PBXBuildFile; productRef = 8D24507B2AF358C700CA248F /* FirebaseAuthCombine-Community */; };
		8D24507E2AF358C700CA248F /* FirebaseCrashlytics in Frameworks */ = {isa = PBXBuildFile; productRef = 8D24507D2AF358C700CA248F /* FirebaseCrashlytics */; };
		8D2450802AF358C700CA248F /* FirebaseDatabase in Frameworks */ = {isa = PBXBuildFile; productRef = 8D24507F2AF358C700CA248F /* FirebaseDatabase */; };
		8D2450822AF358C700CA248F /* FirebaseDatabaseSwift in Frameworks */ = {isa = PBXBuildFile; productRef = 8D2450812AF358C700CA248F /* FirebaseDatabaseSwift */; };
		8D2450842AF358C700CA248F /* FirebaseDynamicLinks in Frameworks */ = {isa = PBXBuildFile; productRef = 8D2450832AF358C700CA248F /* FirebaseDynamicLinks */; };
		8D2450862AF358C700CA248F /* FirebaseFirestore in Frameworks */ = {isa = PBXBuildFile; productRef = 8D2450852AF358C700CA248F /* FirebaseFirestore */; };
		8D2450882AF358C700CA248F /* FirebaseFirestoreCombine-Community in Frameworks */ = {isa = PBXBuildFile; productRef = 8D2450872AF358C700CA248F /* FirebaseFirestoreCombine-Community */; };
		8D24508A2AF358C700CA248F /* FirebaseFirestoreSwift in Frameworks */ = {isa = PBXBuildFile; productRef = 8D2450892AF358C700CA248F /* FirebaseFirestoreSwift */; };
		8D24508C2AF358C700CA248F /* FirebaseFunctions in Frameworks */ = {isa = PBXBuildFile; productRef = 8D24508B2AF358C700CA248F /* FirebaseFunctions */; };
		8D24508E2AF358C700CA248F /* FirebaseFunctionsCombine-Community in Frameworks */ = {isa = PBXBuildFile; productRef = 8D24508D2AF358C700CA248F /* FirebaseFunctionsCombine-Community */; };
		8D2450902AF358C700CA248F /* FirebaseInAppMessaging-Beta in Frameworks */ = {isa = PBXBuildFile; productRef = 8D24508F2AF358C700CA248F /* FirebaseInAppMessaging-Beta */; };
		8D2450922AF358C700CA248F /* FirebaseInAppMessagingSwift-Beta in Frameworks */ = {isa = PBXBuildFile; productRef = 8D2450912AF358C700CA248F /* FirebaseInAppMessagingSwift-Beta */; };
		8D2450942AF358C700CA248F /* FirebaseInstallations in Frameworks */ = {isa = PBXBuildFile; productRef = 8D2450932AF358C700CA248F /* FirebaseInstallations */; };
		8D2450962AF358C700CA248F /* FirebaseMLModelDownloader in Frameworks */ = {isa = PBXBuildFile; productRef = 8D2450952AF358C700CA248F /* FirebaseMLModelDownloader */; };
		8D2450982AF358C700CA248F /* FirebaseMessaging in Frameworks */ = {isa = PBXBuildFile; productRef = 8D2450972AF358C700CA248F /* FirebaseMessaging */; };
		8D24509A2AF358C700CA248F /* FirebasePerformance in Frameworks */ = {isa = PBXBuildFile; productRef = 8D2450992AF358C700CA248F /* FirebasePerformance */; };
		8D24509C2AF358C700CA248F /* FirebaseRemoteConfig in Frameworks */ = {isa = PBXBuildFile; productRef = 8D24509B2AF358C700CA248F /* FirebaseRemoteConfig */; };
		8D24509E2AF358C700CA248F /* FirebaseRemoteConfigSwift in Frameworks */ = {isa = PBXBuildFile; productRef = 8D24509D2AF358C700CA248F /* FirebaseRemoteConfigSwift */; };
		8D2450A02AF358C700CA248F /* FirebaseStorage in Frameworks */ = {isa = PBXBuildFile; productRef = 8D24509F2AF358C700CA248F /* FirebaseStorage */; };
		8D2450A22AF358C700CA248F /* FirebaseStorageCombine-Community in Frameworks */ = {isa = PBXBuildFile; productRef = 8D2450A12AF358C700CA248F /* FirebaseStorageCombine-Community */; };
		8D2450AB2AF37E9C00CA248F /* LoginView.swift in Sources */ = {isa = PBXBuildFile; fileRef = 8D2450AA2AF37E9C00CA248F /* LoginView.swift */; };
		8D2450AE2AF3815C00CA248F /* InputView.swift in Sources */ = {isa = PBXBuildFile; fileRef = 8D2450AD2AF3815C00CA248F /* InputView.swift */; };
		8D2450B02AF3864500CA248F /* RegistrationView.swift in Sources */ = {isa = PBXBuildFile; fileRef = 8D2450AF2AF3864500CA248F /* RegistrationView.swift */; };
		8D2450B22AF38ABC00CA248F /* ProfileSettingsView.swift in Sources */ = {isa = PBXBuildFile; fileRef = 8D2450B12AF38ABC00CA248F /* ProfileSettingsView.swift */; };
		8D2450B42AF38C6D00CA248F /* SettingsRowView.swift in Sources */ = {isa = PBXBuildFile; fileRef = 8D2450B32AF38C6D00CA248F /* SettingsRowView.swift */; };
		8D2450BA2AF3921000CA248F /* AuthViewModel.swift in Sources */ = {isa = PBXBuildFile; fileRef = 8D2450B92AF3921000CA248F /* AuthViewModel.swift */; };
		8D34EDDE2ADEE95E00D33637 /* NoLocationView.swift in Sources */ = {isa = PBXBuildFile; fileRef = 8D34EDDD2ADEE95E00D33637 /* NoLocationView.swift */; };
		8D43078F2B18CFB80095CBC7 /* UserDefaultService.swift in Sources */ = {isa = PBXBuildFile; fileRef = 8D43078E2B18CFB80095CBC7 /* UserDefaultService.swift */; };
		8D4307912B18E2F10095CBC7 /* UDKey.swift in Sources */ = {isa = PBXBuildFile; fileRef = 8D4307902B18E2F10095CBC7 /* UDKey.swift */; };
		8D4307932B18F2590095CBC7 /* MyActivityView.swift in Sources */ = {isa = PBXBuildFile; fileRef = 8D4307922B18F2590095CBC7 /* MyActivityView.swift */; };
		8D4307952B1930D80095CBC7 /* EditActivityView.swift in Sources */ = {isa = PBXBuildFile; fileRef = 8D4307942B1930D80095CBC7 /* EditActivityView.swift */; };
		8D4307972B1932920095CBC7 /* RecordManager.swift in Sources */ = {isa = PBXBuildFile; fileRef = 8D4307962B1932920095CBC7 /* RecordManager.swift */; };
		8D4307A22B197F630095CBC7 /* NutritionView.swift in Sources */ = {isa = PBXBuildFile; fileRef = 8D4307A12B197F630095CBC7 /* NutritionView.swift */; };
		8D43D7B22ABCF1BE0022F711 /* ExerciseViewModel.swift in Sources */ = {isa = PBXBuildFile; fileRef = 8D43D7B12ABCF1BE0022F711 /* ExerciseViewModel.swift */; };
		8D43D7B62ABD11580022F711 /* WgerExerciseCategory.swift in Sources */ = {isa = PBXBuildFile; fileRef = 8D43D7B52ABD11580022F711 /* WgerExerciseCategory.swift */; };
		8D43D7B82ABD353F0022F711 /* ExerciseCategoryView.swift in Sources */ = {isa = PBXBuildFile; fileRef = 8D43D7B72ABD353F0022F711 /* ExerciseCategoryView.swift */; };
		8D43D7BA2ABD3EFA0022F711 /* ExerciseDetailView.swift in Sources */ = {isa = PBXBuildFile; fileRef = 8D43D7B92ABD3EFA0022F711 /* ExerciseDetailView.swift */; };
		8D43D7BC2ABE3DB60022F711 /* WgerExerciseBaseResponse.swift in Sources */ = {isa = PBXBuildFile; fileRef = 8D43D7BB2ABE3DB60022F711 /* WgerExerciseBaseResponse.swift */; };
		8D4C243E2AB350260008447E /* WellNestApp.swift in Sources */ = {isa = PBXBuildFile; fileRef = 8D4C243D2AB350260008447E /* WellNestApp.swift */; };
		8D4C24402AB350260008447E /* ContentView.swift in Sources */ = {isa = PBXBuildFile; fileRef = 8D4C243F2AB350260008447E /* ContentView.swift */; };
		8D4C24422AB350260008447E /* Assets.xcassets in Resources */ = {isa = PBXBuildFile; fileRef = 8D4C24412AB350260008447E /* Assets.xcassets */; };
		8D4C24452AB350260008447E /* Preview Assets.xcassets in Resources */ = {isa = PBXBuildFile; fileRef = 8D4C24442AB350260008447E /* Preview Assets.xcassets */; };
		8D5A5E242AE385A700AF9521 /* UserProfileView.swift in Sources */ = {isa = PBXBuildFile; fileRef = 8D5A5E232AE385A700AF9521 /* UserProfileView.swift */; };
		8D5BEC4D2AD4ED980059A5C8 /* LocationDataManager.swift in Sources */ = {isa = PBXBuildFile; fileRef = 8D5BEC4C2AD4ED980059A5C8 /* LocationDataManager.swift */; };
		8D6D55652AD63D0200B9BA7F /* GeoLocationDetailsView.swift in Sources */ = {isa = PBXBuildFile; fileRef = 8D6D55642AD63D0200B9BA7F /* GeoLocationDetailsView.swift */; };
		8D6D55672AD65D4700B9BA7F /* LocationService.swift in Sources */ = {isa = PBXBuildFile; fileRef = 8D6D55662AD65D4700B9BA7F /* LocationService.swift */; };
		8D6D55702AD665FB00B9BA7F /* GeoConnectView.swift in Sources */ = {isa = PBXBuildFile; fileRef = 8D6D556F2AD665FB00B9BA7F /* GeoConnectView.swift */; };
		8D6D55722AD6660D00B9BA7F /* GeoConnectViewModel.swift in Sources */ = {isa = PBXBuildFile; fileRef = 8D6D55712AD6660D00B9BA7F /* GeoConnectViewModel.swift */; };
		8D6D55742AD7277600B9BA7F /* GeoConnectModel.swift in Sources */ = {isa = PBXBuildFile; fileRef = 8D6D55732AD7277600B9BA7F /* GeoConnectModel.swift */; };
		8D6D55762AD7CD4700B9BA7F /* PushNotificationService.swift in Sources */ = {isa = PBXBuildFile; fileRef = 8D6D55752AD7CD4700B9BA7F /* PushNotificationService.swift */; };
		8D7A0A632AFDB767002C92F7 /* GoogleService-Info.plist in Resources */ = {isa = PBXBuildFile; fileRef = 8D7A0A622AFDB767002C92F7 /* GoogleService-Info.plist */; };
		8D7A0A652AFF204A002C92F7 /* TaskModel.swift in Sources */ = {isa = PBXBuildFile; fileRef = 8D7A0A642AFF204A002C92F7 /* TaskModel.swift */; };
		8D7A0A672AFF263F002C92F7 /* EditTaskView.swift in Sources */ = {isa = PBXBuildFile; fileRef = 8D7A0A662AFF263F002C92F7 /* EditTaskView.swift */; };
		8D7A510A2B15DBF700397762 /* ActivityListView.swift in Sources */ = {isa = PBXBuildFile; fileRef = 8D7A51092B15DBF700397762 /* ActivityListView.swift */; };
		8D7A510D2B171C5800397762 /* TimerView.swift in Sources */ = {isa = PBXBuildFile; fileRef = 8D7A510C2B171C5800397762 /* TimerView.swift */; };
		8D7A51102B17CC8500397762 /* CircularProgress in Frameworks */ = {isa = PBXBuildFile; productRef = 8D7A510F2B17CC8500397762 /* CircularProgress */; };
		8D7A51122B17D10400397762 /* TimePickerView.swift in Sources */ = {isa = PBXBuildFile; fileRef = 8D7A51112B17D10400397762 /* TimePickerView.swift */; };
		8D7A51142B17D7D300397762 /* RangePicker.swift in Sources */ = {isa = PBXBuildFile; fileRef = 8D7A51132B17D7D300397762 /* RangePicker.swift */; };
		8D7A511C2B18BC2700397762 /* ActivityViewModel.swift in Sources */ = {isa = PBXBuildFile; fileRef = 8D7A511B2B18BC2700397762 /* ActivityViewModel.swift */; };
		8D9EF0892AC612C50062D566 /* WgerIngredientSearchResponse.swift in Sources */ = {isa = PBXBuildFile; fileRef = 8D9EF0882AC612C50062D566 /* WgerIngredientSearchResponse.swift */; };
		8D9EF0902AC626C20062D566 /* WgerIngredientResponse.swift in Sources */ = {isa = PBXBuildFile; fileRef = 8D9EF08F2AC626C20062D566 /* WgerIngredientResponse.swift */; };
		8DA4160A2B2D727100AC2E43 /* ChronoModel.swift in Sources */ = {isa = PBXBuildFile; fileRef = 8DA416092B2D727100AC2E43 /* ChronoModel.swift */; };
		8DA4160C2B2D760F00AC2E43 /* ChronoViewModel.swift in Sources */ = {isa = PBXBuildFile; fileRef = 8DA4160B2B2D760F00AC2E43 /* ChronoViewModel.swift */; };
		8DA416132B2D7E2600AC2E43 /* ChronoProtocol.swift in Sources */ = {isa = PBXBuildFile; fileRef = 8DA416122B2D7E2600AC2E43 /* ChronoProtocol.swift */; };
		8DA416152B2D806700AC2E43 /* ChronoType.swift in Sources */ = {isa = PBXBuildFile; fileRef = 8DA416142B2D806700AC2E43 /* ChronoType.swift */; };
		8DA416172B2D930400AC2E43 /* TimeModel.swift in Sources */ = {isa = PBXBuildFile; fileRef = 8DA416162B2D930400AC2E43 /* TimeModel.swift */; };
		8DA416192B2DA04600AC2E43 /* TimerCard.swift in Sources */ = {isa = PBXBuildFile; fileRef = 8DA416182B2DA04600AC2E43 /* TimerCard.swift */; };
		8DA4161B2B2E110400AC2E43 /* MealtimeCard.swift in Sources */ = {isa = PBXBuildFile; fileRef = 8DA4161A2B2E110400AC2E43 /* MealtimeCard.swift */; };
		8DA4161D2B2E164200AC2E43 /* MealtimeType.swift in Sources */ = {isa = PBXBuildFile; fileRef = 8DA4161C2B2E164200AC2E43 /* MealtimeType.swift */; };
		8DA4161F2B2E19AD00AC2E43 /* SubtitleModifier.swift in Sources */ = {isa = PBXBuildFile; fileRef = 8DA4161E2B2E19AD00AC2E43 /* SubtitleModifier.swift */; };
		8DA416212B2E1A4A00AC2E43 /* TitleStyle.swift in Sources */ = {isa = PBXBuildFile; fileRef = 8DA416202B2E1A4A00AC2E43 /* TitleStyle.swift */; };
		8DA416242B2E1B5700AC2E43 /* MealtimeNutrientModel.swift in Sources */ = {isa = PBXBuildFile; fileRef = 8DA416232B2E1B5700AC2E43 /* MealtimeNutrientModel.swift */; };
		8DA416262B2E1D1F00AC2E43 /* CGFloat+Ext.swift in Sources */ = {isa = PBXBuildFile; fileRef = 8DA416252B2E1D1F00AC2E43 /* CGFloat+Ext.swift */; };
		8DA416282B2E351400AC2E43 /* SimpleWgerIngredientResult.swift in Sources */ = {isa = PBXBuildFile; fileRef = 8DA416272B2E351400AC2E43 /* SimpleWgerIngredientResult.swift */; };
		8DA4162A2B2E6FBA00AC2E43 /* NutritionViewModel.swift in Sources */ = {isa = PBXBuildFile; fileRef = 8DA416292B2E6FBA00AC2E43 /* NutritionViewModel.swift */; };
		8DA4162C2B2EC7A600AC2E43 /* DayCapsule.swift in Sources */ = {isa = PBXBuildFile; fileRef = 8DA4162B2B2EC7A600AC2E43 /* DayCapsule.swift */; };
		8DA4162E2B2ED02700AC2E43 /* DayCapsulePicker.swift in Sources */ = {isa = PBXBuildFile; fileRef = 8DA4162D2B2ED02700AC2E43 /* DayCapsulePicker.swift */; };
		8DA416302B2FA0D900AC2E43 /* NutrientCard.swift in Sources */ = {isa = PBXBuildFile; fileRef = 8DA4162F2B2FA0D900AC2E43 /* NutrientCard.swift */; };
		8DA416322B2FA40D00AC2E43 /* NutrientGoalsSettingsManager.swift in Sources */ = {isa = PBXBuildFile; fileRef = 8DA416312B2FA40D00AC2E43 /* NutrientGoalsSettingsManager.swift */; };
		8DA416342B2FAFD000AC2E43 /* NutrientSettingsView.swift in Sources */ = {isa = PBXBuildFile; fileRef = 8DA416332B2FAFD000AC2E43 /* NutrientSettingsView.swift */; };
		8DA416362B2FC77200AC2E43 /* NutrientsSettingsView.swift in Sources */ = {isa = PBXBuildFile; fileRef = 8DA416352B2FC77200AC2E43 /* NutrientsSettingsView.swift */; };
		8DA416382B2FC9ED00AC2E43 /* CustomSlider.swift in Sources */ = {isa = PBXBuildFile; fileRef = 8DA416372B2FC9ED00AC2E43 /* CustomSlider.swift */; };
		8DA4E4AB2AB3F56000971E19 /* HomeView.swift in Sources */ = {isa = PBXBuildFile; fileRef = 8DA4E4AA2AB3F56000971E19 /* HomeView.swift */; };
		8DA4E4AD2AB3F66A00971E19 /* ExerciseView.swift in Sources */ = {isa = PBXBuildFile; fileRef = 8DA4E4AC2AB3F66A00971E19 /* ExerciseView.swift */; };
		8DA4E4B12AB3F89D00971E19 /* FriendsView.swift in Sources */ = {isa = PBXBuildFile; fileRef = 8DA4E4B02AB3F89D00971E19 /* FriendsView.swift */; };
		8DADB7A62B1545210070A68D /* ActivityCard.swift in Sources */ = {isa = PBXBuildFile; fileRef = 8DADB7A52B1545210070A68D /* ActivityCard.swift */; };
		8DADB7A82B154EED0070A68D /* Activity.swift in Sources */ = {isa = PBXBuildFile; fileRef = 8DADB7A72B154EED0070A68D /* Activity.swift */; };
		8DADB7AA2B15A1D70070A68D /* ActivityButton.swift in Sources */ = {isa = PBXBuildFile; fileRef = 8DADB7A92B15A1D70070A68D /* ActivityButton.swift */; };
		8DAE9AF72B2699F700FA1365 /* TimeInterval+Ext.swift in Sources */ = {isa = PBXBuildFile; fileRef = 8DAE9AF62B2699F700FA1365 /* TimeInterval+Ext.swift */; };
		8DAE9AF92B269E5700FA1365 /* TimerMode.swift in Sources */ = {isa = PBXBuildFile; fileRef = 8DAE9AF82B269E5700FA1365 /* TimerMode.swift */; };
		8DAE9AFB2B26A22600FA1365 /* StopwatchView.swift in Sources */ = {isa = PBXBuildFile; fileRef = 8DAE9AFA2B26A22600FA1365 /* StopwatchView.swift */; };
		8DAE9AFF2B26A8FC00FA1365 /* ChronoView.swift in Sources */ = {isa = PBXBuildFile; fileRef = 8DAE9AFE2B26A8FC00FA1365 /* ChronoView.swift */; };
		8DAE9B012B26D22A00FA1365 /* ReminderCard.swift in Sources */ = {isa = PBXBuildFile; fileRef = 8DAE9B002B26D22900FA1365 /* ReminderCard.swift */; };
		8DAE9B042B26F18A00FA1365 /* SwiftSoup in Frameworks */ = {isa = PBXBuildFile; productRef = 8DAE9B032B26F18A00FA1365 /* SwiftSoup */; };
		8DAE9B062B2703BC00FA1365 /* ItemRow.swift in Sources */ = {isa = PBXBuildFile; fileRef = 8DAE9B052B2703BC00FA1365 /* ItemRow.swift */; };
		8DAE9B082B277FF900FA1365 /* SearchIngredientsView.swift in Sources */ = {isa = PBXBuildFile; fileRef = 8DAE9B072B277FF900FA1365 /* SearchIngredientsView.swift */; };
		8DBE5E2C2B2A17D4000ECAC9 /* View+Ext.swift in Sources */ = {isa = PBXBuildFile; fileRef = 8DBE5E2B2B2A17D4000ECAC9 /* View+Ext.swift */; };
		8DBE5E2F2B2A2117000ECAC9 /* ProfileToolbarModifier.swift in Sources */ = {isa = PBXBuildFile; fileRef = 8DBE5E2E2B2A2117000ECAC9 /* ProfileToolbarModifier.swift */; };
		8DBE5E332B2A448E000ECAC9 /* CustomIngredientView.swift in Sources */ = {isa = PBXBuildFile; fileRef = 8DBE5E322B2A448E000ECAC9 /* CustomIngredientView.swift */; };
		8DBE5E352B2A47B6000ECAC9 /* NumericInputView.swift in Sources */ = {isa = PBXBuildFile; fileRef = 8DBE5E342B2A47B6000ECAC9 /* NumericInputView.swift */; };
		8DBE5E372B2AD398000ECAC9 /* PermActivityView.swift in Sources */ = {isa = PBXBuildFile; fileRef = 8DBE5E362B2AD398000ECAC9 /* PermActivityView.swift */; };
		8DBE5E3A2B2B55B7000ECAC9 /* FriendActivityCard.swift in Sources */ = {isa = PBXBuildFile; fileRef = 8DBE5E392B2B55B7000ECAC9 /* FriendActivityCard.swift */; };
		8DBE5E3C2B2B5F5B000ECAC9 /* Encodable+Ext.swift in Sources */ = {isa = PBXBuildFile; fileRef = 8DBE5E3B2B2B5F5B000ECAC9 /* Encodable+Ext.swift */; };
		8DBE5E3E2B2B74DF000ECAC9 /* FirebaseManager.swift in Sources */ = {isa = PBXBuildFile; fileRef = 8DBE5E3D2B2B74DF000ECAC9 /* FirebaseManager.swift */; };
		8DC05EFB2B1C38190070A117 /* IngredientInfoViewModel.swift in Sources */ = {isa = PBXBuildFile; fileRef = 8DC05EFA2B1C38190070A117 /* IngredientInfoViewModel.swift */; };
		8DC05EFD2B1C46A10070A117 /* DefaultIngredientSuggestionViewModel.swift in Sources */ = {isa = PBXBuildFile; fileRef = 8DC05EFC2B1C46A10070A117 /* DefaultIngredientSuggestionViewModel.swift */; };
		8DC05EFF2B1D6ADD0070A117 /* ReminderView.swift in Sources */ = {isa = PBXBuildFile; fileRef = 8DC05EFE2B1D6ADD0070A117 /* ReminderView.swift */; };
		8DD6AD792B20F33800C8364E /* RecordModel.xcdatamodeld in Sources */ = {isa = PBXBuildFile; fileRef = 8DD6AD772B20F33800C8364E /* RecordModel.xcdatamodeld */; };
		8DD6AD7B2B21EA7000C8364E /* Date+Ext.swift in Sources */ = {isa = PBXBuildFile; fileRef = 8DD6AD7A2B21EA7000C8364E /* Date+Ext.swift */; };
		8DD6AD7D2B221F5800C8364E /* ExerciseDetailViewModel.swift in Sources */ = {isa = PBXBuildFile; fileRef = 8DD6AD7C2B221F5800C8364E /* ExerciseDetailViewModel.swift */; };
		8DDC059A2ABC2C0500287D4F /* Constants.swift in Sources */ = {isa = PBXBuildFile; fileRef = 8DDC05992ABC2C0500287D4F /* Constants.swift */; };
		8DDC05A92ABC3AB700287D4F /* WgerEndpoints.swift in Sources */ = {isa = PBXBuildFile; fileRef = 8DDC05A82ABC3AB700287D4F /* WgerEndpoints.swift */; };
		8DDC05AB2ABC3E0E00287D4F /* WgerExerciseSearchResponse.swift in Sources */ = {isa = PBXBuildFile; fileRef = 8DDC05AA2ABC3E0E00287D4F /* WgerExerciseSearchResponse.swift */; };
		8DDC05AD2ABC3E7100287D4F /* APIService.swift in Sources */ = {isa = PBXBuildFile; fileRef = 8DDC05AC2ABC3E7100287D4F /* APIService.swift */; };
/* End PBXBuildFile section */

/* Begin PBXFileReference section */
		8D00F9BA2B002AC300FFD541 /* TasksView.swift */ = {isa = PBXFileReference; lastKnownFileType = sourcecode.swift; path = TasksView.swift; sourceTree = "<group>"; };
		8D00F9BC2B004FE200FFD541 /* NotesModel.swift */ = {isa = PBXFileReference; lastKnownFileType = sourcecode.swift; path = NotesModel.swift; sourceTree = "<group>"; };
		8D00F9BF2B01976800FFD541 /* TaskDisplayView.swift */ = {isa = PBXFileReference; lastKnownFileType = sourcecode.swift; path = TaskDisplayView.swift; sourceTree = "<group>"; };
		8D00F9C32B01ACDA00FFD541 /* IngredientsView.swift */ = {isa = PBXFileReference; lastKnownFileType = sourcecode.swift; path = IngredientsView.swift; sourceTree = "<group>"; };
		8D00F9C72B01ADAC00FFD541 /* IngredientInfoView.swift */ = {isa = PBXFileReference; lastKnownFileType = sourcecode.swift; path = IngredientInfoView.swift; sourceTree = "<group>"; };
		8D00F9CB2B01EA8700FFD541 /* IngredientViewModel.swift */ = {isa = PBXFileReference; lastKnownFileType = sourcecode.swift; path = IngredientViewModel.swift; sourceTree = "<group>"; };
		8D00F9CE2B04AD8F00FFD541 /* NetworkError.swift */ = {isa = PBXFileReference; lastKnownFileType = sourcecode.swift; path = NetworkError.swift; sourceTree = "<group>"; };
		8D00F9D52B04C57400FFD541 /* String+Ext.swift */ = {isa = PBXFileReference; lastKnownFileType = sourcecode.swift; path = "String+Ext.swift"; sourceTree = "<group>"; };
		8D0407C72AFD61DC0067AB17 /* ReauthenticationView.swift */ = {isa = PBXFileReference; lastKnownFileType = sourcecode.swift; path = ReauthenticationView.swift; sourceTree = "<group>"; };
		8D0407D12AFD65FE0067AB17 /* Priority.swift */ = {isa = PBXFileReference; lastKnownFileType = sourcecode.swift; path = Priority.swift; sourceTree = "<group>"; };
		8D156A162AFC2FD100E22283 /* ProfileView.swift */ = {isa = PBXFileReference; lastKnownFileType = sourcecode.swift; path = ProfileView.swift; sourceTree = "<group>"; };
		8D156A192AFC365F00E22283 /* AuthenticationService.swift */ = {isa = PBXFileReference; lastKnownFileType = sourcecode.swift; path = AuthenticationService.swift; sourceTree = "<group>"; };
		8D156A1E2AFC3A0200E22283 /* User.swift */ = {isa = PBXFileReference; lastKnownFileType = sourcecode.swift; path = User.swift; sourceTree = "<group>"; };
		8D156A202AFC3B0F00E22283 /* AuthUserModel.swift */ = {isa = PBXFileReference; lastKnownFileType = sourcecode.swift; path = AuthUserModel.swift; sourceTree = "<group>"; };
		8D207C322AC6A9AF0010954E /* DefaultIngredientView.swift */ = {isa = PBXFileReference; lastKnownFileType = sourcecode.swift; path = DefaultIngredientView.swift; sourceTree = "<group>"; };
		8D2450AA2AF37E9C00CA248F /* LoginView.swift */ = {isa = PBXFileReference; lastKnownFileType = sourcecode.swift; path = LoginView.swift; sourceTree = "<group>"; };
		8D2450AD2AF3815C00CA248F /* InputView.swift */ = {isa = PBXFileReference; lastKnownFileType = sourcecode.swift; path = InputView.swift; sourceTree = "<group>"; };
		8D2450AF2AF3864500CA248F /* RegistrationView.swift */ = {isa = PBXFileReference; lastKnownFileType = sourcecode.swift; path = RegistrationView.swift; sourceTree = "<group>"; };
		8D2450B12AF38ABC00CA248F /* ProfileSettingsView.swift */ = {isa = PBXFileReference; lastKnownFileType = sourcecode.swift; path = ProfileSettingsView.swift; sourceTree = "<group>"; };
		8D2450B32AF38C6D00CA248F /* SettingsRowView.swift */ = {isa = PBXFileReference; lastKnownFileType = sourcecode.swift; path = SettingsRowView.swift; sourceTree = "<group>"; };
		8D2450B92AF3921000CA248F /* AuthViewModel.swift */ = {isa = PBXFileReference; lastKnownFileType = sourcecode.swift; path = AuthViewModel.swift; sourceTree = "<group>"; };
		8D34EDDD2ADEE95E00D33637 /* NoLocationView.swift */ = {isa = PBXFileReference; lastKnownFileType = sourcecode.swift; path = NoLocationView.swift; sourceTree = "<group>"; };
		8D43078E2B18CFB80095CBC7 /* UserDefaultService.swift */ = {isa = PBXFileReference; lastKnownFileType = sourcecode.swift; path = UserDefaultService.swift; sourceTree = "<group>"; };
		8D4307902B18E2F10095CBC7 /* UDKey.swift */ = {isa = PBXFileReference; lastKnownFileType = sourcecode.swift; path = UDKey.swift; sourceTree = "<group>"; };
		8D4307922B18F2590095CBC7 /* MyActivityView.swift */ = {isa = PBXFileReference; lastKnownFileType = sourcecode.swift; path = MyActivityView.swift; sourceTree = "<group>"; };
		8D4307942B1930D80095CBC7 /* EditActivityView.swift */ = {isa = PBXFileReference; lastKnownFileType = sourcecode.swift; path = EditActivityView.swift; sourceTree = "<group>"; };
		8D4307962B1932920095CBC7 /* RecordManager.swift */ = {isa = PBXFileReference; lastKnownFileType = sourcecode.swift; path = RecordManager.swift; sourceTree = "<group>"; };
		8D4307A12B197F630095CBC7 /* NutritionView.swift */ = {isa = PBXFileReference; lastKnownFileType = sourcecode.swift; path = NutritionView.swift; sourceTree = "<group>"; };
		8D43D7B12ABCF1BE0022F711 /* ExerciseViewModel.swift */ = {isa = PBXFileReference; lastKnownFileType = sourcecode.swift; path = ExerciseViewModel.swift; sourceTree = "<group>"; };
		8D43D7B52ABD11580022F711 /* WgerExerciseCategory.swift */ = {isa = PBXFileReference; lastKnownFileType = sourcecode.swift; path = WgerExerciseCategory.swift; sourceTree = "<group>"; };
		8D43D7B72ABD353F0022F711 /* ExerciseCategoryView.swift */ = {isa = PBXFileReference; lastKnownFileType = sourcecode.swift; path = ExerciseCategoryView.swift; sourceTree = "<group>"; };
		8D43D7B92ABD3EFA0022F711 /* ExerciseDetailView.swift */ = {isa = PBXFileReference; lastKnownFileType = sourcecode.swift; path = ExerciseDetailView.swift; sourceTree = "<group>"; };
		8D43D7BB2ABE3DB60022F711 /* WgerExerciseBaseResponse.swift */ = {isa = PBXFileReference; lastKnownFileType = sourcecode.swift; path = WgerExerciseBaseResponse.swift; sourceTree = "<group>"; };
		8D4C243A2AB350260008447E /* WellNest.app */ = {isa = PBXFileReference; explicitFileType = wrapper.application; includeInIndex = 0; path = WellNest.app; sourceTree = BUILT_PRODUCTS_DIR; };
		8D4C243D2AB350260008447E /* WellNestApp.swift */ = {isa = PBXFileReference; lastKnownFileType = sourcecode.swift; path = WellNestApp.swift; sourceTree = "<group>"; };
		8D4C243F2AB350260008447E /* ContentView.swift */ = {isa = PBXFileReference; lastKnownFileType = sourcecode.swift; path = ContentView.swift; sourceTree = "<group>"; };
		8D4C24412AB350260008447E /* Assets.xcassets */ = {isa = PBXFileReference; lastKnownFileType = folder.assetcatalog; path = Assets.xcassets; sourceTree = "<group>"; };
		8D4C24442AB350260008447E /* Preview Assets.xcassets */ = {isa = PBXFileReference; lastKnownFileType = folder.assetcatalog; path = "Preview Assets.xcassets"; sourceTree = "<group>"; };
		8D5A5E232AE385A700AF9521 /* UserProfileView.swift */ = {isa = PBXFileReference; lastKnownFileType = sourcecode.swift; path = UserProfileView.swift; sourceTree = "<group>"; };
		8D5BEC4C2AD4ED980059A5C8 /* LocationDataManager.swift */ = {isa = PBXFileReference; lastKnownFileType = sourcecode.swift; path = LocationDataManager.swift; sourceTree = "<group>"; };
		8D5BEC4E2AD5050C0059A5C8 /* Info.plist */ = {isa = PBXFileReference; lastKnownFileType = text.plist; path = Info.plist; sourceTree = "<group>"; };
		8D6D55642AD63D0200B9BA7F /* GeoLocationDetailsView.swift */ = {isa = PBXFileReference; lastKnownFileType = sourcecode.swift; path = GeoLocationDetailsView.swift; sourceTree = "<group>"; };
		8D6D55662AD65D4700B9BA7F /* LocationService.swift */ = {isa = PBXFileReference; lastKnownFileType = sourcecode.swift; path = LocationService.swift; sourceTree = "<group>"; };
		8D6D556F2AD665FB00B9BA7F /* GeoConnectView.swift */ = {isa = PBXFileReference; lastKnownFileType = sourcecode.swift; path = GeoConnectView.swift; sourceTree = "<group>"; };
		8D6D55712AD6660D00B9BA7F /* GeoConnectViewModel.swift */ = {isa = PBXFileReference; lastKnownFileType = sourcecode.swift; path = GeoConnectViewModel.swift; sourceTree = "<group>"; };
		8D6D55732AD7277600B9BA7F /* GeoConnectModel.swift */ = {isa = PBXFileReference; lastKnownFileType = sourcecode.swift; path = GeoConnectModel.swift; sourceTree = "<group>"; };
		8D6D55752AD7CD4700B9BA7F /* PushNotificationService.swift */ = {isa = PBXFileReference; lastKnownFileType = sourcecode.swift; path = PushNotificationService.swift; sourceTree = "<group>"; };
		8D6D55772AD7D6F000B9BA7F /* WellNest.entitlements */ = {isa = PBXFileReference; lastKnownFileType = text.plist.entitlements; path = WellNest.entitlements; sourceTree = "<group>"; };
		8D7A0A622AFDB767002C92F7 /* GoogleService-Info.plist */ = {isa = PBXFileReference; fileEncoding = 4; lastKnownFileType = text.plist.xml; name = "GoogleService-Info.plist"; path = "WellNest/GoogleService-Info.plist"; sourceTree = "<group>"; };
		8D7A0A642AFF204A002C92F7 /* TaskModel.swift */ = {isa = PBXFileReference; lastKnownFileType = sourcecode.swift; path = TaskModel.swift; sourceTree = "<group>"; };
		8D7A0A662AFF263F002C92F7 /* EditTaskView.swift */ = {isa = PBXFileReference; lastKnownFileType = sourcecode.swift; path = EditTaskView.swift; sourceTree = "<group>"; };
		8D7A51092B15DBF700397762 /* ActivityListView.swift */ = {isa = PBXFileReference; lastKnownFileType = sourcecode.swift; path = ActivityListView.swift; sourceTree = "<group>"; };
		8D7A510C2B171C5800397762 /* TimerView.swift */ = {isa = PBXFileReference; lastKnownFileType = sourcecode.swift; path = TimerView.swift; sourceTree = "<group>"; };
		8D7A51112B17D10400397762 /* TimePickerView.swift */ = {isa = PBXFileReference; lastKnownFileType = sourcecode.swift; path = TimePickerView.swift; sourceTree = "<group>"; };
		8D7A51132B17D7D300397762 /* RangePicker.swift */ = {isa = PBXFileReference; lastKnownFileType = sourcecode.swift; path = RangePicker.swift; sourceTree = "<group>"; };
		8D7A511B2B18BC2700397762 /* ActivityViewModel.swift */ = {isa = PBXFileReference; lastKnownFileType = sourcecode.swift; path = ActivityViewModel.swift; sourceTree = "<group>"; };
		8D9EF0882AC612C50062D566 /* WgerIngredientSearchResponse.swift */ = {isa = PBXFileReference; lastKnownFileType = sourcecode.swift; path = WgerIngredientSearchResponse.swift; sourceTree = "<group>"; };
		8D9EF08F2AC626C20062D566 /* WgerIngredientResponse.swift */ = {isa = PBXFileReference; lastKnownFileType = sourcecode.swift; path = WgerIngredientResponse.swift; sourceTree = "<group>"; };
		8DA416092B2D727100AC2E43 /* ChronoModel.swift */ = {isa = PBXFileReference; lastKnownFileType = sourcecode.swift; path = ChronoModel.swift; sourceTree = "<group>"; };
		8DA4160B2B2D760F00AC2E43 /* ChronoViewModel.swift */ = {isa = PBXFileReference; lastKnownFileType = sourcecode.swift; path = ChronoViewModel.swift; sourceTree = "<group>"; };
		8DA416122B2D7E2600AC2E43 /* ChronoProtocol.swift */ = {isa = PBXFileReference; lastKnownFileType = sourcecode.swift; path = ChronoProtocol.swift; sourceTree = "<group>"; };
		8DA416142B2D806700AC2E43 /* ChronoType.swift */ = {isa = PBXFileReference; lastKnownFileType = sourcecode.swift; path = ChronoType.swift; sourceTree = "<group>"; };
		8DA416162B2D930400AC2E43 /* TimeModel.swift */ = {isa = PBXFileReference; lastKnownFileType = sourcecode.swift; path = TimeModel.swift; sourceTree = "<group>"; };
		8DA416182B2DA04600AC2E43 /* TimerCard.swift */ = {isa = PBXFileReference; lastKnownFileType = sourcecode.swift; path = TimerCard.swift; sourceTree = "<group>"; };
		8DA4161A2B2E110400AC2E43 /* MealtimeCard.swift */ = {isa = PBXFileReference; lastKnownFileType = sourcecode.swift; path = MealtimeCard.swift; sourceTree = "<group>"; };
		8DA4161C2B2E164200AC2E43 /* MealtimeType.swift */ = {isa = PBXFileReference; lastKnownFileType = sourcecode.swift; path = MealtimeType.swift; sourceTree = "<group>"; };
		8DA4161E2B2E19AD00AC2E43 /* SubtitleModifier.swift */ = {isa = PBXFileReference; lastKnownFileType = sourcecode.swift; path = SubtitleModifier.swift; sourceTree = "<group>"; };
		8DA416202B2E1A4A00AC2E43 /* TitleStyle.swift */ = {isa = PBXFileReference; lastKnownFileType = sourcecode.swift; path = TitleStyle.swift; sourceTree = "<group>"; };
		8DA416232B2E1B5700AC2E43 /* MealtimeNutrientModel.swift */ = {isa = PBXFileReference; lastKnownFileType = sourcecode.swift; path = MealtimeNutrientModel.swift; sourceTree = "<group>"; };
		8DA416252B2E1D1F00AC2E43 /* CGFloat+Ext.swift */ = {isa = PBXFileReference; lastKnownFileType = sourcecode.swift; path = "CGFloat+Ext.swift"; sourceTree = "<group>"; };
		8DA416272B2E351400AC2E43 /* SimpleWgerIngredientResult.swift */ = {isa = PBXFileReference; lastKnownFileType = sourcecode.swift; path = SimpleWgerIngredientResult.swift; sourceTree = "<group>"; };
		8DA416292B2E6FBA00AC2E43 /* NutritionViewModel.swift */ = {isa = PBXFileReference; lastKnownFileType = sourcecode.swift; path = NutritionViewModel.swift; sourceTree = "<group>"; };
		8DA4162B2B2EC7A600AC2E43 /* DayCapsule.swift */ = {isa = PBXFileReference; lastKnownFileType = sourcecode.swift; path = DayCapsule.swift; sourceTree = "<group>"; };
		8DA4162D2B2ED02700AC2E43 /* DayCapsulePicker.swift */ = {isa = PBXFileReference; lastKnownFileType = sourcecode.swift; path = DayCapsulePicker.swift; sourceTree = "<group>"; };
		8DA4162F2B2FA0D900AC2E43 /* NutrientCard.swift */ = {isa = PBXFileReference; lastKnownFileType = sourcecode.swift; path = NutrientCard.swift; sourceTree = "<group>"; };
		8DA416312B2FA40D00AC2E43 /* NutrientGoalsSettingsManager.swift */ = {isa = PBXFileReference; lastKnownFileType = sourcecode.swift; path = NutrientGoalsSettingsManager.swift; sourceTree = "<group>"; };
		8DA416332B2FAFD000AC2E43 /* NutrientSettingsView.swift */ = {isa = PBXFileReference; lastKnownFileType = sourcecode.swift; path = NutrientSettingsView.swift; sourceTree = "<group>"; };
		8DA416352B2FC77200AC2E43 /* NutrientsSettingsView.swift */ = {isa = PBXFileReference; lastKnownFileType = sourcecode.swift; path = NutrientsSettingsView.swift; sourceTree = "<group>"; };
		8DA416372B2FC9ED00AC2E43 /* CustomSlider.swift */ = {isa = PBXFileReference; lastKnownFileType = sourcecode.swift; path = CustomSlider.swift; sourceTree = "<group>"; };
		8DA4E4AA2AB3F56000971E19 /* HomeView.swift */ = {isa = PBXFileReference; lastKnownFileType = sourcecode.swift; path = HomeView.swift; sourceTree = "<group>"; };
		8DA4E4AC2AB3F66A00971E19 /* ExerciseView.swift */ = {isa = PBXFileReference; lastKnownFileType = sourcecode.swift; path = ExerciseView.swift; sourceTree = "<group>"; };
		8DA4E4B02AB3F89D00971E19 /* FriendsView.swift */ = {isa = PBXFileReference; lastKnownFileType = sourcecode.swift; path = FriendsView.swift; sourceTree = "<group>"; };
		8DADB7A52B1545210070A68D /* ActivityCard.swift */ = {isa = PBXFileReference; lastKnownFileType = sourcecode.swift; path = ActivityCard.swift; sourceTree = "<group>"; };
		8DADB7A72B154EED0070A68D /* Activity.swift */ = {isa = PBXFileReference; lastKnownFileType = sourcecode.swift; path = Activity.swift; sourceTree = "<group>"; };
		8DADB7A92B15A1D70070A68D /* ActivityButton.swift */ = {isa = PBXFileReference; lastKnownFileType = sourcecode.swift; path = ActivityButton.swift; sourceTree = "<group>"; };
		8DAE9AF62B2699F700FA1365 /* TimeInterval+Ext.swift */ = {isa = PBXFileReference; lastKnownFileType = sourcecode.swift; path = "TimeInterval+Ext.swift"; sourceTree = "<group>"; };
		8DAE9AF82B269E5700FA1365 /* TimerMode.swift */ = {isa = PBXFileReference; lastKnownFileType = sourcecode.swift; path = TimerMode.swift; sourceTree = "<group>"; };
		8DAE9AFA2B26A22600FA1365 /* StopwatchView.swift */ = {isa = PBXFileReference; lastKnownFileType = sourcecode.swift; path = StopwatchView.swift; sourceTree = "<group>"; };
		8DAE9AFE2B26A8FC00FA1365 /* ChronoView.swift */ = {isa = PBXFileReference; lastKnownFileType = sourcecode.swift; path = ChronoView.swift; sourceTree = "<group>"; };
		8DAE9B002B26D22900FA1365 /* ReminderCard.swift */ = {isa = PBXFileReference; lastKnownFileType = sourcecode.swift; path = ReminderCard.swift; sourceTree = "<group>"; };
		8DAE9B052B2703BC00FA1365 /* ItemRow.swift */ = {isa = PBXFileReference; lastKnownFileType = sourcecode.swift; path = ItemRow.swift; sourceTree = "<group>"; };
		8DAE9B072B277FF900FA1365 /* SearchIngredientsView.swift */ = {isa = PBXFileReference; lastKnownFileType = sourcecode.swift; path = SearchIngredientsView.swift; sourceTree = "<group>"; };
		8DBE5E2B2B2A17D4000ECAC9 /* View+Ext.swift */ = {isa = PBXFileReference; lastKnownFileType = sourcecode.swift; path = "View+Ext.swift"; sourceTree = "<group>"; };
		8DBE5E2E2B2A2117000ECAC9 /* ProfileToolbarModifier.swift */ = {isa = PBXFileReference; lastKnownFileType = sourcecode.swift; path = ProfileToolbarModifier.swift; sourceTree = "<group>"; };
		8DBE5E322B2A448E000ECAC9 /* CustomIngredientView.swift */ = {isa = PBXFileReference; lastKnownFileType = sourcecode.swift; path = CustomIngredientView.swift; sourceTree = "<group>"; };
		8DBE5E342B2A47B6000ECAC9 /* NumericInputView.swift */ = {isa = PBXFileReference; lastKnownFileType = sourcecode.swift; path = NumericInputView.swift; sourceTree = "<group>"; };
		8DBE5E362B2AD398000ECAC9 /* PermActivityView.swift */ = {isa = PBXFileReference; lastKnownFileType = sourcecode.swift; path = PermActivityView.swift; sourceTree = "<group>"; };
		8DBE5E392B2B55B7000ECAC9 /* FriendActivityCard.swift */ = {isa = PBXFileReference; lastKnownFileType = sourcecode.swift; path = FriendActivityCard.swift; sourceTree = "<group>"; };
		8DBE5E3B2B2B5F5B000ECAC9 /* Encodable+Ext.swift */ = {isa = PBXFileReference; lastKnownFileType = sourcecode.swift; path = "Encodable+Ext.swift"; sourceTree = "<group>"; };
		8DBE5E3D2B2B74DF000ECAC9 /* FirebaseManager.swift */ = {isa = PBXFileReference; lastKnownFileType = sourcecode.swift; path = FirebaseManager.swift; sourceTree = "<group>"; };
		8DC05EFA2B1C38190070A117 /* IngredientInfoViewModel.swift */ = {isa = PBXFileReference; lastKnownFileType = sourcecode.swift; path = IngredientInfoViewModel.swift; sourceTree = "<group>"; };
		8DC05EFC2B1C46A10070A117 /* DefaultIngredientSuggestionViewModel.swift */ = {isa = PBXFileReference; lastKnownFileType = sourcecode.swift; path = DefaultIngredientSuggestionViewModel.swift; sourceTree = "<group>"; };
		8DC05EFE2B1D6ADD0070A117 /* ReminderView.swift */ = {isa = PBXFileReference; lastKnownFileType = sourcecode.swift; path = ReminderView.swift; sourceTree = "<group>"; };
		8DD6AD782B20F33800C8364E /* RecordModel.xcdatamodel */ = {isa = PBXFileReference; lastKnownFileType = wrapper.xcdatamodel; path = RecordModel.xcdatamodel; sourceTree = "<group>"; };
		8DD6AD7A2B21EA7000C8364E /* Date+Ext.swift */ = {isa = PBXFileReference; lastKnownFileType = sourcecode.swift; path = "Date+Ext.swift"; sourceTree = "<group>"; };
		8DD6AD7C2B221F5800C8364E /* ExerciseDetailViewModel.swift */ = {isa = PBXFileReference; lastKnownFileType = sourcecode.swift; path = ExerciseDetailViewModel.swift; sourceTree = "<group>"; };
		8DDC05992ABC2C0500287D4F /* Constants.swift */ = {isa = PBXFileReference; lastKnownFileType = sourcecode.swift; path = Constants.swift; sourceTree = "<group>"; };
		8DDC05A82ABC3AB700287D4F /* WgerEndpoints.swift */ = {isa = PBXFileReference; lastKnownFileType = sourcecode.swift; path = WgerEndpoints.swift; sourceTree = "<group>"; };
		8DDC05AA2ABC3E0E00287D4F /* WgerExerciseSearchResponse.swift */ = {isa = PBXFileReference; lastKnownFileType = sourcecode.swift; path = WgerExerciseSearchResponse.swift; sourceTree = "<group>"; };
		8DDC05AC2ABC3E7100287D4F /* APIService.swift */ = {isa = PBXFileReference; lastKnownFileType = sourcecode.swift; path = APIService.swift; sourceTree = "<group>"; };
/* End PBXFileReference section */

/* Begin PBXFrameworksBuildPhase section */
		8D4C24372AB350260008447E /* Frameworks */ = {
			isa = PBXFrameworksBuildPhase;
			buildActionMask = 2147483647;
			files = (
				8D2450762AF358C700CA248F /* FirebaseAppCheck in Frameworks */,
				8D1B0D762AF349C200B43D7B /* FirebaseAnalyticsWithoutAdIdSupport in Frameworks */,
				8D24507E2AF358C700CA248F /* FirebaseCrashlytics in Frameworks */,
				8D2450642AF3588200CA248F /* FirebaseAnalytics in Frameworks */,
				8D2450702AF358C700CA248F /* FirebaseAnalyticsOnDeviceConversion in Frameworks */,
				8D24509A2AF358C700CA248F /* FirebasePerformance in Frameworks */,
				8D24506E2AF358C700CA248F /* FirebaseAnalytics in Frameworks */,
				8D2450A02AF358C700CA248F /* FirebaseStorage in Frameworks */,
				8D2450802AF358C700CA248F /* FirebaseDatabase in Frameworks */,
				8D24506C2AF3588200CA248F /* FirebaseAppCheck in Frameworks */,
				8D2450742AF358C700CA248F /* FirebaseAnalyticsWithoutAdIdSupport in Frameworks */,
				8D00FA972B064A6F00FFD541 /* FirebaseAnalyticsOnDeviceConversion in Frameworks */,
				8D7A51102B17CC8500397762 /* CircularProgress in Frameworks */,
				8D2450842AF358C700CA248F /* FirebaseDynamicLinks in Frameworks */,
				8D24509E2AF358C700CA248F /* FirebaseRemoteConfigSwift in Frameworks */,
				8D2450822AF358C700CA248F /* FirebaseDatabaseSwift in Frameworks */,
				8D00FA9B2B064A6F00FFD541 /* FirebaseAnalyticsWithoutAdIdSupport in Frameworks */,
				8D2450A22AF358C700CA248F /* FirebaseStorageCombine-Community in Frameworks */,
				8D00FA992B064A6F00FFD541 /* FirebaseAnalyticsSwift in Frameworks */,
				8D2450882AF358C700CA248F /* FirebaseFirestoreCombine-Community in Frameworks */,
				8D00FA952B064A6F00FFD541 /* FirebaseAnalytics in Frameworks */,
				8D24506A2AF3588200CA248F /* FirebaseAnalyticsWithoutAdIdSupport in Frameworks */,
				8D24508C2AF358C700CA248F /* FirebaseFunctions in Frameworks */,
				8D2450682AF3588200CA248F /* FirebaseAnalyticsSwift in Frameworks */,
				8D2450722AF358C700CA248F /* FirebaseAnalyticsSwift in Frameworks */,
				8D2450962AF358C700CA248F /* FirebaseMLModelDownloader in Frameworks */,
				8D2450922AF358C700CA248F /* FirebaseInAppMessagingSwift-Beta in Frameworks */,
				8D24508A2AF358C700CA248F /* FirebaseFirestoreSwift in Frameworks */,
				8D2450662AF3588200CA248F /* FirebaseAnalyticsOnDeviceConversion in Frameworks */,
				8D24507A2AF358C700CA248F /* FirebaseAuth in Frameworks */,
				8D1B0D702AF349C200B43D7B /* FirebaseAnalytics in Frameworks */,
				8D00FA9D2B064A6F00FFD541 /* FirebaseAppCheck in Frameworks */,
				8D1B0D782AF349C200B43D7B /* FirebaseAppCheck in Frameworks */,
				8D1B0D722AF349C200B43D7B /* FirebaseAnalyticsOnDeviceConversion in Frameworks */,
				8D24509C2AF358C700CA248F /* FirebaseRemoteConfig in Frameworks */,
				8D2450982AF358C700CA248F /* FirebaseMessaging in Frameworks */,
				8D1B0D742AF349C200B43D7B /* FirebaseAnalyticsSwift in Frameworks */,
				8D2450782AF358C700CA248F /* FirebaseAppDistribution-Beta in Frameworks */,
				8D2450942AF358C700CA248F /* FirebaseInstallations in Frameworks */,
				8D24508E2AF358C700CA248F /* FirebaseFunctionsCombine-Community in Frameworks */,
				8D2450862AF358C700CA248F /* FirebaseFirestore in Frameworks */,
				8D24507C2AF358C700CA248F /* FirebaseAuthCombine-Community in Frameworks */,
				8D2450902AF358C700CA248F /* FirebaseInAppMessaging-Beta in Frameworks */,
				8DAE9B042B26F18A00FA1365 /* SwiftSoup in Frameworks */,
			);
			runOnlyForDeploymentPostprocessing = 0;
		};
/* End PBXFrameworksBuildPhase section */

/* Begin PBXGroup section */
		8D00F9BE2B0059E200FFD541 /* Home */ = {
			isa = PBXGroup;
			children = (
				8DA4E4AA2AB3F56000971E19 /* HomeView.swift */,
				8D7A51092B15DBF700397762 /* ActivityListView.swift */,
				8D7A511B2B18BC2700397762 /* ActivityViewModel.swift */,
				8D4307922B18F2590095CBC7 /* MyActivityView.swift */,
				8D4307942B1930D80095CBC7 /* EditActivityView.swift */,
				8DBE5E362B2AD398000ECAC9 /* PermActivityView.swift */,
			);
			path = Home;
			sourceTree = "<group>";
		};
		8D00F9C12B01ACB800FFD541 /* Ingredient */ = {
			isa = PBXGroup;
			children = (
				8DA416222B2E1B2C00AC2E43 /* Model */,
				8D00F9CA2B01EA6000FFD541 /* ViewModel */,
				8D00F9C22B01ACC200FFD541 /* View */,
			);
			path = Ingredient;
			sourceTree = "<group>";
		};
		8D00F9C22B01ACC200FFD541 /* View */ = {
			isa = PBXGroup;
			children = (
				8D207C322AC6A9AF0010954E /* DefaultIngredientView.swift */,
				8D00F9C32B01ACDA00FFD541 /* IngredientsView.swift */,
				8D00F9C72B01ADAC00FFD541 /* IngredientInfoView.swift */,
				8D4307A12B197F630095CBC7 /* NutritionView.swift */,
				8DAE9B072B277FF900FA1365 /* SearchIngredientsView.swift */,
				8DBE5E322B2A448E000ECAC9 /* CustomIngredientView.swift */,
				8DA416332B2FAFD000AC2E43 /* NutrientSettingsView.swift */,
				8DA416352B2FC77200AC2E43 /* NutrientsSettingsView.swift */,
			);
			path = View;
			sourceTree = "<group>";
		};
		8D00F9CA2B01EA6000FFD541 /* ViewModel */ = {
			isa = PBXGroup;
			children = (
				8D00F9CB2B01EA8700FFD541 /* IngredientViewModel.swift */,
				8DC05EFA2B1C38190070A117 /* IngredientInfoViewModel.swift */,
				8DC05EFC2B1C46A10070A117 /* DefaultIngredientSuggestionViewModel.swift */,
				8DA416292B2E6FBA00AC2E43 /* NutritionViewModel.swift */,
			);
			path = ViewModel;
			sourceTree = "<group>";
		};
		8D00F9D02B04B08000FFD541 /* Enums */ = {
			isa = PBXGroup;
			children = (
				8D00F9CE2B04AD8F00FFD541 /* NetworkError.swift */,
				8DADB7A72B154EED0070A68D /* Activity.swift */,
				8D4307902B18E2F10095CBC7 /* UDKey.swift */,
				8DAE9AF82B269E5700FA1365 /* TimerMode.swift */,
				8DA416142B2D806700AC2E43 /* ChronoType.swift */,
				8DA4161C2B2E164200AC2E43 /* MealtimeType.swift */,
			);
			path = Enums;
			sourceTree = "<group>";
		};
		8D00F9D42B04C56500FFD541 /* Extensions */ = {
			isa = PBXGroup;
			children = (
				8D00F9D52B04C57400FFD541 /* String+Ext.swift */,
				8DD6AD7A2B21EA7000C8364E /* Date+Ext.swift */,
				8DAE9AF62B2699F700FA1365 /* TimeInterval+Ext.swift */,
				8DBE5E2B2B2A17D4000ECAC9 /* View+Ext.swift */,
				8DBE5E3B2B2B5F5B000ECAC9 /* Encodable+Ext.swift */,
				8DA416252B2E1D1F00AC2E43 /* CGFloat+Ext.swift */,
			);
			path = Extensions;
			sourceTree = "<group>";
		};
		8D00FA902B06481900FFD541 /* Exercise */ = {
			isa = PBXGroup;
			children = (
				8D00FA932B06486F00FFD541 /* Model */,
				8D00FA922B06484800FFD541 /* ViewModel */,
				8D00FA912B06482A00FFD541 /* View */,
			);
			path = Exercise;
			sourceTree = "<group>";
		};
		8D00FA912B06482A00FFD541 /* View */ = {
			isa = PBXGroup;
			children = (
				8D43D7B72ABD353F0022F711 /* ExerciseCategoryView.swift */,
				8DA4E4AC2AB3F66A00971E19 /* ExerciseView.swift */,
				8D43D7B92ABD3EFA0022F711 /* ExerciseDetailView.swift */,
			);
			path = View;
			sourceTree = "<group>";
		};
		8D00FA922B06484800FFD541 /* ViewModel */ = {
			isa = PBXGroup;
			children = (
				8D43D7B12ABCF1BE0022F711 /* ExerciseViewModel.swift */,
				8DD6AD7C2B221F5800C8364E /* ExerciseDetailViewModel.swift */,
			);
			path = ViewModel;
			sourceTree = "<group>";
		};
		8D00FA932B06486F00FFD541 /* Model */ = {
			isa = PBXGroup;
			children = (
				8D43D7B52ABD11580022F711 /* WgerExerciseCategory.swift */,
			);
			path = Model;
			sourceTree = "<group>";
		};
		8D0407C92AFD62C60067AB17 /* Todo */ = {
			isa = PBXGroup;
			children = (
				8D0407CE2AFD64A60067AB17 /* View */,
				8D0407CA2AFD62D30067AB17 /* Model */,
			);
			path = Todo;
			sourceTree = "<group>";
		};
		8D0407CA2AFD62D30067AB17 /* Model */ = {
			isa = PBXGroup;
			children = (
				8D0407D12AFD65FE0067AB17 /* Priority.swift */,
				8D7A0A642AFF204A002C92F7 /* TaskModel.swift */,
				8D00F9BC2B004FE200FFD541 /* NotesModel.swift */,
			);
			path = Model;
			sourceTree = "<group>";
		};
		8D0407CE2AFD64A60067AB17 /* View */ = {
			isa = PBXGroup;
			children = (
				8D00F9BA2B002AC300FFD541 /* TasksView.swift */,
				8D7A0A662AFF263F002C92F7 /* EditTaskView.swift */,
			);
			path = View;
			sourceTree = "<group>";
		};
		8D156A182AFC364D00E22283 /* Manager */ = {
			isa = PBXGroup;
			children = (
				8D156A192AFC365F00E22283 /* AuthenticationService.swift */,
			);
			path = Manager;
			sourceTree = "<group>";
		};
		8D156A1B2AFC373400E22283 /* Model */ = {
			isa = PBXGroup;
			children = (
				8D156A202AFC3B0F00E22283 /* AuthUserModel.swift */,
			);
			path = Model;
			sourceTree = "<group>";
		};
		8D2450A62AF37E3100CA248F /* Core */ = {
			isa = PBXGroup;
			children = (
				8DBE5E382B2B07DE000ECAC9 /* Friend */,
				8D7A510B2B171C4400397762 /* Chrono */,
				8D00FA902B06481900FFD541 /* Exercise */,
				8D00F9C12B01ACB800FFD541 /* Ingredient */,
				8D00F9BE2B0059E200FFD541 /* Home */,
				8D0407C92AFD62C60067AB17 /* Todo */,
				8D2450A72AF37E3900CA248F /* Authentication */,
				8D2450A82AF37E4200CA248F /* Profile */,
				8D2450A92AF37E4A00CA248F /* Root */,
			);
			path = Core;
			sourceTree = "<group>";
		};
		8D2450A72AF37E3900CA248F /* Authentication */ = {
			isa = PBXGroup;
			children = (
				8D156A1B2AFC373400E22283 /* Model */,
				8D156A182AFC364D00E22283 /* Manager */,
				8D2450B82AF391E200CA248F /* View */,
				8D2450B72AF391DA00CA248F /* ViewModel */,
			);
			path = Authentication;
			sourceTree = "<group>";
		};
		8D2450A82AF37E4200CA248F /* Profile */ = {
			isa = PBXGroup;
			children = (
				8D2450B12AF38ABC00CA248F /* ProfileSettingsView.swift */,
				8D156A162AFC2FD100E22283 /* ProfileView.swift */,
			);
			path = Profile;
			sourceTree = "<group>";
		};
		8D2450A92AF37E4A00CA248F /* Root */ = {
			isa = PBXGroup;
			children = (
				8D4C243F2AB350260008447E /* ContentView.swift */,
			);
			path = Root;
			sourceTree = "<group>";
		};
		8D2450AC2AF3810800CA248F /* Components */ = {
			isa = PBXGroup;
			children = (
				8D2450AD2AF3815C00CA248F /* InputView.swift */,
				8D2450B32AF38C6D00CA248F /* SettingsRowView.swift */,
				8D00F9BF2B01976800FFD541 /* TaskDisplayView.swift */,
				8DADB7A52B1545210070A68D /* ActivityCard.swift */,
				8DADB7A92B15A1D70070A68D /* ActivityButton.swift */,
				8D7A51132B17D7D300397762 /* RangePicker.swift */,
				8DAE9B002B26D22900FA1365 /* ReminderCard.swift */,
				8DAE9B052B2703BC00FA1365 /* ItemRow.swift */,
				8DBE5E342B2A47B6000ECAC9 /* NumericInputView.swift */,
				8DBE5E392B2B55B7000ECAC9 /* FriendActivityCard.swift */,
				8DA416182B2DA04600AC2E43 /* TimerCard.swift */,
				8DA4161A2B2E110400AC2E43 /* MealtimeCard.swift */,
				8DA4162B2B2EC7A600AC2E43 /* DayCapsule.swift */,
				8DA4162D2B2ED02700AC2E43 /* DayCapsulePicker.swift */,
				8DA4162F2B2FA0D900AC2E43 /* NutrientCard.swift */,
				8DA416372B2FC9ED00AC2E43 /* CustomSlider.swift */,
			);
			path = Components;
			sourceTree = "<group>";
		};
		8D2450B72AF391DA00CA248F /* ViewModel */ = {
			isa = PBXGroup;
			children = (
				8D2450B92AF3921000CA248F /* AuthViewModel.swift */,
			);
			path = ViewModel;
			sourceTree = "<group>";
		};
		8D2450B82AF391E200CA248F /* View */ = {
			isa = PBXGroup;
			children = (
				8D2450AA2AF37E9C00CA248F /* LoginView.swift */,
				8D2450AF2AF3864500CA248F /* RegistrationView.swift */,
				8D0407C72AFD61DC0067AB17 /* ReauthenticationView.swift */,
			);
			path = View;
			sourceTree = "<group>";
		};
		8D34EDDC2ADEE8E400D33637 /* ContentUnavailableView */ = {
			isa = PBXGroup;
			children = (
				8D34EDDD2ADEE95E00D33637 /* NoLocationView.swift */,
			);
			path = ContentUnavailableView;
			sourceTree = "<group>";
		};
		8D4307982B1946F80095CBC7 /* DataModel */ = {
			isa = PBXGroup;
			children = (
				8DD6AD772B20F33800C8364E /* RecordModel.xcdatamodeld */,
			);
			path = DataModel;
			sourceTree = "<group>";
		};
		8D4C24312AB350260008447E = {
			isa = PBXGroup;
			children = (
				8D00F9D42B04C56500FFD541 /* Extensions */,
				8D7A0A622AFDB767002C92F7 /* GoogleService-Info.plist */,
				8D5BEC4B2AD4ED5D0059A5C8 /* Manager */,
				8DDC05982ABC2BF000287D4F /* Constants */,
				8D4C243C2AB350260008447E /* WellNest */,
				8D4C243B2AB350260008447E /* Products */,
			);
			sourceTree = "<group>";
		};
		8D4C243B2AB350260008447E /* Products */ = {
			isa = PBXGroup;
			children = (
				8D4C243A2AB350260008447E /* WellNest.app */,
			);
			name = Products;
			sourceTree = "<group>";
		};
		8D4C243C2AB350260008447E /* WellNest */ = {
			isa = PBXGroup;
			children = (
				8DBE5E2D2B2A20ED000ECAC9 /* ViewModifiers */,
				8D4307982B1946F80095CBC7 /* DataModel */,
				8D00F9D02B04B08000FFD541 /* Enums */,
				8D2450AC2AF3810800CA248F /* Components */,
				8D2450A62AF37E3100CA248F /* Core */,
				8D6D55772AD7D6F000B9BA7F /* WellNest.entitlements */,
				8D5BEC4E2AD5050C0059A5C8 /* Info.plist */,
				8DDC05A12ABC396400287D4F /* Networking */,
				8DDC05A02ABC392A00287D4F /* Service */,
				8DA4E4A92AB3F40400971E19 /* ViewModels */,
				8DA4E4A82AB3F3EF00971E19 /* Models */,
				8DA4E4A72AB3F3E300971E19 /* Views */,
				8D4C243D2AB350260008447E /* WellNestApp.swift */,
				8D4C24412AB350260008447E /* Assets.xcassets */,
				8D4C24432AB350260008447E /* Preview Content */,
			);
			path = WellNest;
			sourceTree = "<group>";
		};
		8D4C24432AB350260008447E /* Preview Content */ = {
			isa = PBXGroup;
			children = (
				8D4C24442AB350260008447E /* Preview Assets.xcassets */,
			);
			path = "Preview Content";
			sourceTree = "<group>";
		};
		8D5BEC4B2AD4ED5D0059A5C8 /* Manager */ = {
			isa = PBXGroup;
			children = (
				8DA416312B2FA40D00AC2E43 /* NutrientGoalsSettingsManager.swift */,
				8D5BEC4C2AD4ED980059A5C8 /* LocationDataManager.swift */,
				8D4307962B1932920095CBC7 /* RecordManager.swift */,
				8DBE5E3D2B2B74DF000ECAC9 /* FirebaseManager.swift */,
			);
			path = Manager;
			sourceTree = "<group>";
		};
		8D7A510B2B171C4400397762 /* Chrono */ = {
			isa = PBXGroup;
			children = (
				8DA416112B2D7E0F00AC2E43 /* Interface */,
				8DA416082B2D726300AC2E43 /* Model */,
				8DD6AD7F2B2225A200C8364E /* View */,
				8DD6AD7E2B22258600C8364E /* ViewModel */,
			);
			path = Chrono;
			sourceTree = "<group>";
		};
		8DA416082B2D726300AC2E43 /* Model */ = {
			isa = PBXGroup;
			children = (
				8DA416092B2D727100AC2E43 /* ChronoModel.swift */,
				8DA416162B2D930400AC2E43 /* TimeModel.swift */,
			);
			path = Model;
			sourceTree = "<group>";
		};
		8DA416112B2D7E0F00AC2E43 /* Interface */ = {
			isa = PBXGroup;
			children = (
				8DA416122B2D7E2600AC2E43 /* ChronoProtocol.swift */,
			);
			path = Interface;
			sourceTree = "<group>";
		};
		8DA416222B2E1B2C00AC2E43 /* Model */ = {
			isa = PBXGroup;
			children = (
				8DA416232B2E1B5700AC2E43 /* MealtimeNutrientModel.swift */,
				8DA416272B2E351400AC2E43 /* SimpleWgerIngredientResult.swift */,
			);
			path = Model;
			sourceTree = "<group>";
		};
		8DA4E4A72AB3F3E300971E19 /* Views */ = {
			isa = PBXGroup;
			children = (
				8D34EDDC2ADEE8E400D33637 /* ContentUnavailableView */,
				8DA4E4B02AB3F89D00971E19 /* FriendsView.swift */,
				8D6D55642AD63D0200B9BA7F /* GeoLocationDetailsView.swift */,
				8D6D556F2AD665FB00B9BA7F /* GeoConnectView.swift */,
				8D5A5E232AE385A700AF9521 /* UserProfileView.swift */,
			);
			path = Views;
			sourceTree = "<group>";
		};
		8DA4E4A82AB3F3EF00971E19 /* Models */ = {
			isa = PBXGroup;
			children = (
				8D6D55732AD7277600B9BA7F /* GeoConnectModel.swift */,
				8D156A1E2AFC3A0200E22283 /* User.swift */,
			);
			path = Models;
			sourceTree = "<group>";
		};
		8DA4E4A92AB3F40400971E19 /* ViewModels */ = {
			isa = PBXGroup;
			children = (
				8D6D55712AD6660D00B9BA7F /* GeoConnectViewModel.swift */,
			);
			path = ViewModels;
			sourceTree = "<group>";
		};
		8DBE5E2D2B2A20ED000ECAC9 /* ViewModifiers */ = {
			isa = PBXGroup;
			children = (
				8DBE5E2E2B2A2117000ECAC9 /* ProfileToolbarModifier.swift */,
				8DA4161E2B2E19AD00AC2E43 /* SubtitleModifier.swift */,
				8DA416202B2E1A4A00AC2E43 /* TitleStyle.swift */,
			);
			path = ViewModifiers;
			sourceTree = "<group>";
		};
		8DBE5E382B2B07DE000ECAC9 /* Friend */ = {
			isa = PBXGroup;
			children = (
			);
			path = Friend;
			sourceTree = "<group>";
		};
		8DD6AD7E2B22258600C8364E /* ViewModel */ = {
			isa = PBXGroup;
			children = (
				8DA4160B2B2D760F00AC2E43 /* ChronoViewModel.swift */,
			);
			path = ViewModel;
			sourceTree = "<group>";
		};
		8DD6AD7F2B2225A200C8364E /* View */ = {
			isa = PBXGroup;
			children = (
				8D7A51112B17D10400397762 /* TimePickerView.swift */,
				8D7A510C2B171C5800397762 /* TimerView.swift */,
				8DC05EFE2B1D6ADD0070A117 /* ReminderView.swift */,
				8DAE9AFA2B26A22600FA1365 /* StopwatchView.swift */,
				8DAE9AFE2B26A8FC00FA1365 /* ChronoView.swift */,
			);
			path = View;
			sourceTree = "<group>";
		};
		8DDC05982ABC2BF000287D4F /* Constants */ = {
			isa = PBXGroup;
			children = (
				8DDC05992ABC2C0500287D4F /* Constants.swift */,
			);
			path = Constants;
			sourceTree = "<group>";
		};
		8DDC05A02ABC392A00287D4F /* Service */ = {
			isa = PBXGroup;
			children = (
				8DDC05AC2ABC3E7100287D4F /* APIService.swift */,
				8D6D55662AD65D4700B9BA7F /* LocationService.swift */,
				8D6D55752AD7CD4700B9BA7F /* PushNotificationService.swift */,
				8D43078E2B18CFB80095CBC7 /* UserDefaultService.swift */,
			);
			path = Service;
			sourceTree = "<group>";
		};
		8DDC05A12ABC396400287D4F /* Networking */ = {
			isa = PBXGroup;
			children = (
				8DDC05A62ABC3A9200287D4F /* API */,
			);
			path = Networking;
			sourceTree = "<group>";
		};
		8DDC05A62ABC3A9200287D4F /* API */ = {
			isa = PBXGroup;
			children = (
				8DDC05A72ABC3A9B00287D4F /* Wger */,
			);
			path = API;
			sourceTree = "<group>";
		};
		8DDC05A72ABC3A9B00287D4F /* Wger */ = {
			isa = PBXGroup;
			children = (
				8DDC05A82ABC3AB700287D4F /* WgerEndpoints.swift */,
				8DDC05AA2ABC3E0E00287D4F /* WgerExerciseSearchResponse.swift */,
				8D43D7BB2ABE3DB60022F711 /* WgerExerciseBaseResponse.swift */,
				8D9EF0882AC612C50062D566 /* WgerIngredientSearchResponse.swift */,
				8D9EF08F2AC626C20062D566 /* WgerIngredientResponse.swift */,
			);
			path = Wger;
			sourceTree = "<group>";
		};
/* End PBXGroup section */

/* Begin PBXNativeTarget section */
		8D4C24392AB350260008447E /* WellNest */ = {
			isa = PBXNativeTarget;
			buildConfigurationList = 8D4C24482AB350260008447E /* Build configuration list for PBXNativeTarget "WellNest" */;
			buildPhases = (
				8D4C24362AB350260008447E /* Sources */,
				8D4C24372AB350260008447E /* Frameworks */,
				8D4C24382AB350260008447E /* Resources */,
			);
			buildRules = (
			);
			dependencies = (
			);
			name = WellNest;
			packageProductDependencies = (
				8D1B0D6F2AF349C200B43D7B /* FirebaseAnalytics */,
				8D1B0D712AF349C200B43D7B /* FirebaseAnalyticsOnDeviceConversion */,
				8D1B0D732AF349C200B43D7B /* FirebaseAnalyticsSwift */,
				8D1B0D752AF349C200B43D7B /* FirebaseAnalyticsWithoutAdIdSupport */,
				8D1B0D772AF349C200B43D7B /* FirebaseAppCheck */,
				8D2450632AF3588200CA248F /* FirebaseAnalytics */,
				8D2450652AF3588200CA248F /* FirebaseAnalyticsOnDeviceConversion */,
				8D2450672AF3588200CA248F /* FirebaseAnalyticsSwift */,
				8D2450692AF3588200CA248F /* FirebaseAnalyticsWithoutAdIdSupport */,
				8D24506B2AF3588200CA248F /* FirebaseAppCheck */,
				8D24506D2AF358C700CA248F /* FirebaseAnalytics */,
				8D24506F2AF358C700CA248F /* FirebaseAnalyticsOnDeviceConversion */,
				8D2450712AF358C700CA248F /* FirebaseAnalyticsSwift */,
				8D2450732AF358C700CA248F /* FirebaseAnalyticsWithoutAdIdSupport */,
				8D2450752AF358C700CA248F /* FirebaseAppCheck */,
				8D2450772AF358C700CA248F /* FirebaseAppDistribution-Beta */,
				8D2450792AF358C700CA248F /* FirebaseAuth */,
				8D24507B2AF358C700CA248F /* FirebaseAuthCombine-Community */,
				8D24507D2AF358C700CA248F /* FirebaseCrashlytics */,
				8D24507F2AF358C700CA248F /* FirebaseDatabase */,
				8D2450812AF358C700CA248F /* FirebaseDatabaseSwift */,
				8D2450832AF358C700CA248F /* FirebaseDynamicLinks */,
				8D2450852AF358C700CA248F /* FirebaseFirestore */,
				8D2450872AF358C700CA248F /* FirebaseFirestoreCombine-Community */,
				8D2450892AF358C700CA248F /* FirebaseFirestoreSwift */,
				8D24508B2AF358C700CA248F /* FirebaseFunctions */,
				8D24508D2AF358C700CA248F /* FirebaseFunctionsCombine-Community */,
				8D24508F2AF358C700CA248F /* FirebaseInAppMessaging-Beta */,
				8D2450912AF358C700CA248F /* FirebaseInAppMessagingSwift-Beta */,
				8D2450932AF358C700CA248F /* FirebaseInstallations */,
				8D2450952AF358C700CA248F /* FirebaseMLModelDownloader */,
				8D2450972AF358C700CA248F /* FirebaseMessaging */,
				8D2450992AF358C700CA248F /* FirebasePerformance */,
				8D24509B2AF358C700CA248F /* FirebaseRemoteConfig */,
				8D24509D2AF358C700CA248F /* FirebaseRemoteConfigSwift */,
				8D24509F2AF358C700CA248F /* FirebaseStorage */,
				8D2450A12AF358C700CA248F /* FirebaseStorageCombine-Community */,
				8D00FA942B064A6F00FFD541 /* FirebaseAnalytics */,
				8D00FA962B064A6F00FFD541 /* FirebaseAnalyticsOnDeviceConversion */,
				8D00FA982B064A6F00FFD541 /* FirebaseAnalyticsSwift */,
				8D00FA9A2B064A6F00FFD541 /* FirebaseAnalyticsWithoutAdIdSupport */,
				8D00FA9C2B064A6F00FFD541 /* FirebaseAppCheck */,
				8D7A510F2B17CC8500397762 /* CircularProgress */,
				8DAE9B032B26F18A00FA1365 /* SwiftSoup */,
			);
			productName = WellNest;
			productReference = 8D4C243A2AB350260008447E /* WellNest.app */;
			productType = "com.apple.product-type.application";
		};
/* End PBXNativeTarget section */

/* Begin PBXProject section */
		8D4C24322AB350260008447E /* Project object */ = {
			isa = PBXProject;
			attributes = {
				BuildIndependentTargetsInParallel = 1;
				LastSwiftUpdateCheck = 1430;
				LastUpgradeCheck = 1500;
				TargetAttributes = {
					8D4C24392AB350260008447E = {
						CreatedOnToolsVersion = 14.3.1;
					};
				};
			};
			buildConfigurationList = 8D4C24352AB350260008447E /* Build configuration list for PBXProject "WellNest" */;
			compatibilityVersion = "Xcode 14.0";
			developmentRegion = en;
			hasScannedForEncodings = 0;
			knownRegions = (
				en,
				Base,
			);
			mainGroup = 8D4C24312AB350260008447E;
			packageReferences = (
				8D1B0D6E2AF349C200B43D7B /* XCRemoteSwiftPackageReference "firebase-ios-sdk" */,
				8D7A510E2B17CC8500397762 /* XCRemoteSwiftPackageReference "CircularProgressSwiftui" */,
				8DAE9B022B26F18A00FA1365 /* XCRemoteSwiftPackageReference "SwiftSoup" */,
			);
			productRefGroup = 8D4C243B2AB350260008447E /* Products */;
			projectDirPath = "";
			projectRoot = "";
			targets = (
				8D4C24392AB350260008447E /* WellNest */,
			);
		};
/* End PBXProject section */

/* Begin PBXResourcesBuildPhase section */
		8D4C24382AB350260008447E /* Resources */ = {
			isa = PBXResourcesBuildPhase;
			buildActionMask = 2147483647;
			files = (
				8D4C24452AB350260008447E /* Preview Assets.xcassets in Resources */,
				8D4C24422AB350260008447E /* Assets.xcassets in Resources */,
				8D7A0A632AFDB767002C92F7 /* GoogleService-Info.plist in Resources */,
			);
			runOnlyForDeploymentPostprocessing = 0;
		};
/* End PBXResourcesBuildPhase section */

/* Begin PBXSourcesBuildPhase section */
		8D4C24362AB350260008447E /* Sources */ = {
			isa = PBXSourcesBuildPhase;
			buildActionMask = 2147483647;
			files = (
				8DD6AD792B20F33800C8364E /* RecordModel.xcdatamodeld in Sources */,
				8D156A1F2AFC3A0200E22283 /* User.swift in Sources */,
				8D7A51142B17D7D300397762 /* RangePicker.swift in Sources */,
				8D2450B02AF3864500CA248F /* RegistrationView.swift in Sources */,
				8DBE5E3E2B2B74DF000ECAC9 /* FirebaseManager.swift in Sources */,
				8DA4161D2B2E164200AC2E43 /* MealtimeType.swift in Sources */,
				8D34EDDE2ADEE95E00D33637 /* NoLocationView.swift in Sources */,
				8D00F9D62B04C57400FFD541 /* String+Ext.swift in Sources */,
				8D4C24402AB350260008447E /* ContentView.swift in Sources */,
				8D00F9C42B01ACDA00FFD541 /* IngredientsView.swift in Sources */,
				8D00F9CC2B01EA8700FFD541 /* IngredientViewModel.swift in Sources */,
				8D5BEC4D2AD4ED980059A5C8 /* LocationDataManager.swift in Sources */,
				8DA416152B2D806700AC2E43 /* ChronoType.swift in Sources */,
				8D9EF0892AC612C50062D566 /* WgerIngredientSearchResponse.swift in Sources */,
				8D00F9BD2B004FE200FFD541 /* NotesModel.swift in Sources */,
				8D2450BA2AF3921000CA248F /* AuthViewModel.swift in Sources */,
				8D7A0A652AFF204A002C92F7 /* TaskModel.swift in Sources */,
				8DDC059A2ABC2C0500287D4F /* Constants.swift in Sources */,
				8D4307A22B197F630095CBC7 /* NutritionView.swift in Sources */,
				8DA416132B2D7E2600AC2E43 /* ChronoProtocol.swift in Sources */,
				8DC05EFD2B1C46A10070A117 /* DefaultIngredientSuggestionViewModel.swift in Sources */,
				8DA4162A2B2E6FBA00AC2E43 /* NutritionViewModel.swift in Sources */,
				8DA4E4AB2AB3F56000971E19 /* HomeView.swift in Sources */,
				8DBE5E332B2A448E000ECAC9 /* CustomIngredientView.swift in Sources */,
				8D00F9C02B01976800FFD541 /* TaskDisplayView.swift in Sources */,
				8DBE5E352B2A47B6000ECAC9 /* NumericInputView.swift in Sources */,
				8D43D7B82ABD353F0022F711 /* ExerciseCategoryView.swift in Sources */,
				8DA416212B2E1A4A00AC2E43 /* TitleStyle.swift in Sources */,
				8DC05EFB2B1C38190070A117 /* IngredientInfoViewModel.swift in Sources */,
				8D6D55742AD7277600B9BA7F /* GeoConnectModel.swift in Sources */,
				8DA416242B2E1B5700AC2E43 /* MealtimeNutrientModel.swift in Sources */,
				8D6D55652AD63D0200B9BA7F /* GeoLocationDetailsView.swift in Sources */,
				8D43078F2B18CFB80095CBC7 /* UserDefaultService.swift in Sources */,
				8D2450AE2AF3815C00CA248F /* InputView.swift in Sources */,
				8D2450B42AF38C6D00CA248F /* SettingsRowView.swift in Sources */,
				8D00F9C82B01ADAC00FFD541 /* IngredientInfoView.swift in Sources */,
				8DAE9B082B277FF900FA1365 /* SearchIngredientsView.swift in Sources */,
				8D43D7B22ABCF1BE0022F711 /* ExerciseViewModel.swift in Sources */,
				8D6D55702AD665FB00B9BA7F /* GeoConnectView.swift in Sources */,
				8DBE5E2F2B2A2117000ECAC9 /* ProfileToolbarModifier.swift in Sources */,
				8DC05EFF2B1D6ADD0070A117 /* ReminderView.swift in Sources */,
				8D2450B22AF38ABC00CA248F /* ProfileSettingsView.swift in Sources */,
				8DAE9B012B26D22A00FA1365 /* ReminderCard.swift in Sources */,
				8D43D7BC2ABE3DB60022F711 /* WgerExerciseBaseResponse.swift in Sources */,
				8DBE5E2C2B2A17D4000ECAC9 /* View+Ext.swift in Sources */,
				8D7A511C2B18BC2700397762 /* ActivityViewModel.swift in Sources */,
				8DA416342B2FAFD000AC2E43 /* NutrientSettingsView.swift in Sources */,
				8D156A1A2AFC365F00E22283 /* AuthenticationService.swift in Sources */,
				8D7A510A2B15DBF700397762 /* ActivityListView.swift in Sources */,
				8DAE9AFB2B26A22600FA1365 /* StopwatchView.swift in Sources */,
				8D7A51122B17D10400397762 /* TimePickerView.swift in Sources */,
				8DBE5E3C2B2B5F5B000ECAC9 /* Encodable+Ext.swift in Sources */,
				8DA416172B2D930400AC2E43 /* TimeModel.swift in Sources */,
				8D6D55722AD6660D00B9BA7F /* GeoConnectViewModel.swift in Sources */,
				8D7A0A672AFF263F002C92F7 /* EditTaskView.swift in Sources */,
				8D4307952B1930D80095CBC7 /* EditActivityView.swift in Sources */,
				8DA4160C2B2D760F00AC2E43 /* ChronoViewModel.swift in Sources */,
				8DA4162C2B2EC7A600AC2E43 /* DayCapsule.swift in Sources */,
				8D43D7BA2ABD3EFA0022F711 /* ExerciseDetailView.swift in Sources */,
				8D00F9BB2B002AC300FFD541 /* TasksView.swift in Sources */,
				8DA416322B2FA40D00AC2E43 /* NutrientGoalsSettingsManager.swift in Sources */,
				8DADB7A62B1545210070A68D /* ActivityCard.swift in Sources */,
				8D4307912B18E2F10095CBC7 /* UDKey.swift in Sources */,
				8D43D7B62ABD11580022F711 /* WgerExerciseCategory.swift in Sources */,
				8D4C243E2AB350260008447E /* WellNestApp.swift in Sources */,
				8DADB7A82B154EED0070A68D /* Activity.swift in Sources */,
				8D7A510D2B171C5800397762 /* TimerView.swift in Sources */,
				8D156A172AFC2FD100E22283 /* ProfileView.swift in Sources */,
				8DA4E4AD2AB3F66A00971E19 /* ExerciseView.swift in Sources */,
				8DA4161B2B2E110400AC2E43 /* MealtimeCard.swift in Sources */,
				8DD6AD7D2B221F5800C8364E /* ExerciseDetailViewModel.swift in Sources */,
				8DA4162E2B2ED02700AC2E43 /* DayCapsulePicker.swift in Sources */,
				8DDC05AD2ABC3E7100287D4F /* APIService.swift in Sources */,
				8DD6AD7B2B21EA7000C8364E /* Date+Ext.swift in Sources */,
				8DAE9B062B2703BC00FA1365 /* ItemRow.swift in Sources */,
				8DA416382B2FC9ED00AC2E43 /* CustomSlider.swift in Sources */,
				8DA416192B2DA04600AC2E43 /* TimerCard.swift in Sources */,
				8DA416262B2E1D1F00AC2E43 /* CGFloat+Ext.swift in Sources */,
				8DADB7AA2B15A1D70070A68D /* ActivityButton.swift in Sources */,
				8DA4E4B12AB3F89D00971E19 /* FriendsView.swift in Sources */,
				8DA4160A2B2D727100AC2E43 /* ChronoModel.swift in Sources */,
				8D4307972B1932920095CBC7 /* RecordManager.swift in Sources */,
				8DAE9AF92B269E5700FA1365 /* TimerMode.swift in Sources */,
				8DDC05AB2ABC3E0E00287D4F /* WgerExerciseSearchResponse.swift in Sources */,
				8D5A5E242AE385A700AF9521 /* UserProfileView.swift in Sources */,
				8DBE5E372B2AD398000ECAC9 /* PermActivityView.swift in Sources */,
				8DBE5E3A2B2B55B7000ECAC9 /* FriendActivityCard.swift in Sources */,
				8D207C332AC6A9AF0010954E /* DefaultIngredientView.swift in Sources */,
				8DA416282B2E351400AC2E43 /* SimpleWgerIngredientResult.swift in Sources */,
				8D4307932B18F2590095CBC7 /* MyActivityView.swift in Sources */,
				8DAE9AF72B2699F700FA1365 /* TimeInterval+Ext.swift in Sources */,
				8D9EF0902AC626C20062D566 /* WgerIngredientResponse.swift in Sources */,
				8D6D55762AD7CD4700B9BA7F /* PushNotificationService.swift in Sources */,
				8D0407D22AFD65FE0067AB17 /* Priority.swift in Sources */,
				8D0407C82AFD61DC0067AB17 /* ReauthenticationView.swift in Sources */,
				8D156A212AFC3B0F00E22283 /* AuthUserModel.swift in Sources */,
				8DAE9AFF2B26A8FC00FA1365 /* ChronoView.swift in Sources */,
				8DA416362B2FC77200AC2E43 /* NutrientsSettingsView.swift in Sources */,
				8DA416302B2FA0D900AC2E43 /* NutrientCard.swift in Sources */,
				8DDC05A92ABC3AB700287D4F /* WgerEndpoints.swift in Sources */,
				8D00F9CF2B04AD8F00FFD541 /* NetworkError.swift in Sources */,
				8D2450AB2AF37E9C00CA248F /* LoginView.swift in Sources */,
				8DA4161F2B2E19AD00AC2E43 /* SubtitleModifier.swift in Sources */,
				8D6D55672AD65D4700B9BA7F /* LocationService.swift in Sources */,
			);
			runOnlyForDeploymentPostprocessing = 0;
		};
/* End PBXSourcesBuildPhase section */

/* Begin XCBuildConfiguration section */
		8D4C24462AB350260008447E /* Debug */ = {
			isa = XCBuildConfiguration;
			buildSettings = {
				ALWAYS_SEARCH_USER_PATHS = NO;
				ASSETCATALOG_COMPILER_GENERATE_SWIFT_ASSET_SYMBOL_EXTENSIONS = YES;
				CLANG_ANALYZER_NONNULL = YES;
				CLANG_ANALYZER_NUMBER_OBJECT_CONVERSION = YES_AGGRESSIVE;
				CLANG_CXX_LANGUAGE_STANDARD = "gnu++20";
				CLANG_ENABLE_MODULES = YES;
				CLANG_ENABLE_OBJC_ARC = YES;
				CLANG_ENABLE_OBJC_WEAK = YES;
				CLANG_WARN_BLOCK_CAPTURE_AUTORELEASING = YES;
				CLANG_WARN_BOOL_CONVERSION = YES;
				CLANG_WARN_COMMA = YES;
				CLANG_WARN_CONSTANT_CONVERSION = YES;
				CLANG_WARN_DEPRECATED_OBJC_IMPLEMENTATIONS = YES;
				CLANG_WARN_DIRECT_OBJC_ISA_USAGE = YES_ERROR;
				CLANG_WARN_DOCUMENTATION_COMMENTS = YES;
				CLANG_WARN_EMPTY_BODY = YES;
				CLANG_WARN_ENUM_CONVERSION = YES;
				CLANG_WARN_INFINITE_RECURSION = YES;
				CLANG_WARN_INT_CONVERSION = YES;
				CLANG_WARN_NON_LITERAL_NULL_CONVERSION = YES;
				CLANG_WARN_OBJC_IMPLICIT_RETAIN_SELF = YES;
				CLANG_WARN_OBJC_LITERAL_CONVERSION = YES;
				CLANG_WARN_OBJC_ROOT_CLASS = YES_ERROR;
				CLANG_WARN_QUOTED_INCLUDE_IN_FRAMEWORK_HEADER = YES;
				CLANG_WARN_RANGE_LOOP_ANALYSIS = YES;
				CLANG_WARN_STRICT_PROTOTYPES = YES;
				CLANG_WARN_SUSPICIOUS_MOVE = YES;
				CLANG_WARN_UNGUARDED_AVAILABILITY = YES_AGGRESSIVE;
				CLANG_WARN_UNREACHABLE_CODE = YES;
				CLANG_WARN__DUPLICATE_METHOD_MATCH = YES;
				COPY_PHASE_STRIP = NO;
				DEBUG_INFORMATION_FORMAT = dwarf;
				ENABLE_STRICT_OBJC_MSGSEND = YES;
				ENABLE_TESTABILITY = YES;
				ENABLE_USER_SCRIPT_SANDBOXING = YES;
				GCC_C_LANGUAGE_STANDARD = gnu11;
				GCC_DYNAMIC_NO_PIC = NO;
				GCC_NO_COMMON_BLOCKS = YES;
				GCC_OPTIMIZATION_LEVEL = 0;
				GCC_PREPROCESSOR_DEFINITIONS = (
					"DEBUG=1",
					"$(inherited)",
				);
				GCC_WARN_64_TO_32_BIT_CONVERSION = YES;
				GCC_WARN_ABOUT_RETURN_TYPE = YES_ERROR;
				GCC_WARN_UNDECLARED_SELECTOR = YES;
				GCC_WARN_UNINITIALIZED_AUTOS = YES_AGGRESSIVE;
				GCC_WARN_UNUSED_FUNCTION = YES;
				GCC_WARN_UNUSED_VARIABLE = YES;
				IPHONEOS_DEPLOYMENT_TARGET = 16.4;
				MTL_ENABLE_DEBUG_INFO = INCLUDE_SOURCE;
				MTL_FAST_MATH = YES;
				ONLY_ACTIVE_ARCH = YES;
				SDKROOT = iphoneos;
				SWIFT_ACTIVE_COMPILATION_CONDITIONS = DEBUG;
				SWIFT_OPTIMIZATION_LEVEL = "-Onone";
			};
			name = Debug;
		};
		8D4C24472AB350260008447E /* Release */ = {
			isa = XCBuildConfiguration;
			buildSettings = {
				ALWAYS_SEARCH_USER_PATHS = NO;
				ASSETCATALOG_COMPILER_GENERATE_SWIFT_ASSET_SYMBOL_EXTENSIONS = YES;
				CLANG_ANALYZER_NONNULL = YES;
				CLANG_ANALYZER_NUMBER_OBJECT_CONVERSION = YES_AGGRESSIVE;
				CLANG_CXX_LANGUAGE_STANDARD = "gnu++20";
				CLANG_ENABLE_MODULES = YES;
				CLANG_ENABLE_OBJC_ARC = YES;
				CLANG_ENABLE_OBJC_WEAK = YES;
				CLANG_WARN_BLOCK_CAPTURE_AUTORELEASING = YES;
				CLANG_WARN_BOOL_CONVERSION = YES;
				CLANG_WARN_COMMA = YES;
				CLANG_WARN_CONSTANT_CONVERSION = YES;
				CLANG_WARN_DEPRECATED_OBJC_IMPLEMENTATIONS = YES;
				CLANG_WARN_DIRECT_OBJC_ISA_USAGE = YES_ERROR;
				CLANG_WARN_DOCUMENTATION_COMMENTS = YES;
				CLANG_WARN_EMPTY_BODY = YES;
				CLANG_WARN_ENUM_CONVERSION = YES;
				CLANG_WARN_INFINITE_RECURSION = YES;
				CLANG_WARN_INT_CONVERSION = YES;
				CLANG_WARN_NON_LITERAL_NULL_CONVERSION = YES;
				CLANG_WARN_OBJC_IMPLICIT_RETAIN_SELF = YES;
				CLANG_WARN_OBJC_LITERAL_CONVERSION = YES;
				CLANG_WARN_OBJC_ROOT_CLASS = YES_ERROR;
				CLANG_WARN_QUOTED_INCLUDE_IN_FRAMEWORK_HEADER = YES;
				CLANG_WARN_RANGE_LOOP_ANALYSIS = YES;
				CLANG_WARN_STRICT_PROTOTYPES = YES;
				CLANG_WARN_SUSPICIOUS_MOVE = YES;
				CLANG_WARN_UNGUARDED_AVAILABILITY = YES_AGGRESSIVE;
				CLANG_WARN_UNREACHABLE_CODE = YES;
				CLANG_WARN__DUPLICATE_METHOD_MATCH = YES;
				COPY_PHASE_STRIP = NO;
				DEBUG_INFORMATION_FORMAT = "dwarf-with-dsym";
				ENABLE_NS_ASSERTIONS = NO;
				ENABLE_STRICT_OBJC_MSGSEND = YES;
				ENABLE_USER_SCRIPT_SANDBOXING = YES;
				GCC_C_LANGUAGE_STANDARD = gnu11;
				GCC_NO_COMMON_BLOCKS = YES;
				GCC_WARN_64_TO_32_BIT_CONVERSION = YES;
				GCC_WARN_ABOUT_RETURN_TYPE = YES_ERROR;
				GCC_WARN_UNDECLARED_SELECTOR = YES;
				GCC_WARN_UNINITIALIZED_AUTOS = YES_AGGRESSIVE;
				GCC_WARN_UNUSED_FUNCTION = YES;
				GCC_WARN_UNUSED_VARIABLE = YES;
				IPHONEOS_DEPLOYMENT_TARGET = 16.4;
				MTL_ENABLE_DEBUG_INFO = NO;
				MTL_FAST_MATH = YES;
				SDKROOT = iphoneos;
				SWIFT_COMPILATION_MODE = wholemodule;
				SWIFT_OPTIMIZATION_LEVEL = "-O";
				VALIDATE_PRODUCT = YES;
			};
			name = Release;
		};
		8D4C24492AB350260008447E /* Debug */ = {
			isa = XCBuildConfiguration;
			buildSettings = {
				ASSETCATALOG_COMPILER_APPICON_NAME = AppIcon;
				ASSETCATALOG_COMPILER_GLOBAL_ACCENT_COLOR_NAME = AccentColor;
				CODE_SIGN_ENTITLEMENTS = WellNest/WellNest.entitlements;
				CODE_SIGN_IDENTITY = "Apple Development";
				CODE_SIGN_STYLE = Automatic;
				CURRENT_PROJECT_VERSION = 1;
				DEVELOPMENT_ASSET_PATHS = "\"WellNest/Preview Content\"";
				DEVELOPMENT_TEAM = 4V2A3544C7;
				ENABLE_PREVIEWS = YES;
				GENERATE_INFOPLIST_FILE = YES;
				INFOPLIST_FILE = WellNest/Info.plist;
				INFOPLIST_KEY_CFBundleDisplayName = WellNest;
				INFOPLIST_KEY_LSApplicationCategoryType = "public.app-category.lifestyle";
				INFOPLIST_KEY_NSLocationAlwaysUsageDescription = "";
				INFOPLIST_KEY_NSLocationWhenInUseUsageDescription = "App needs to access your location data to tell you your location";
				INFOPLIST_KEY_UIApplicationSceneManifest_Generation = YES;
				INFOPLIST_KEY_UIApplicationSupportsIndirectInputEvents = YES;
				INFOPLIST_KEY_UILaunchScreen_Generation = YES;
				INFOPLIST_KEY_UISupportedInterfaceOrientations_iPad = "UIInterfaceOrientationPortrait UIInterfaceOrientationPortraitUpsideDown UIInterfaceOrientationLandscapeLeft UIInterfaceOrientationLandscapeRight";
				INFOPLIST_KEY_UISupportedInterfaceOrientations_iPhone = "UIInterfaceOrientationPortrait UIInterfaceOrientationLandscapeLeft UIInterfaceOrientationLandscapeRight";
				IPHONEOS_DEPLOYMENT_TARGET = 17.0;
				LD_RUNPATH_SEARCH_PATHS = (
					"$(inherited)",
					"@executable_path/Frameworks",
				);
				MARKETING_VERSION = 1.0;
				PRODUCT_BUNDLE_IDENTIFIER = com.joshktruong.wellnest;
				PRODUCT_NAME = "$(TARGET_NAME)";
				PROVISIONING_PROFILE_SPECIFIER = "";
				SUPPORTED_PLATFORMS = "appletvos appletvsimulator iphoneos iphonesimulator";
				SUPPORTS_MACCATALYST = NO;
				SWIFT_EMIT_LOC_STRINGS = YES;
				SWIFT_VERSION = 5.0;
				TARGETED_DEVICE_FAMILY = "1,2,3";
			};
			name = Debug;
		};
		8D4C244A2AB350260008447E /* Release */ = {
			isa = XCBuildConfiguration;
			buildSettings = {
				ASSETCATALOG_COMPILER_APPICON_NAME = AppIcon;
				ASSETCATALOG_COMPILER_GLOBAL_ACCENT_COLOR_NAME = AccentColor;
				CODE_SIGN_ENTITLEMENTS = WellNest/WellNest.entitlements;
				CODE_SIGN_IDENTITY = "Apple Development";
				CODE_SIGN_STYLE = Automatic;
				CURRENT_PROJECT_VERSION = 1;
				DEVELOPMENT_ASSET_PATHS = "\"WellNest/Preview Content\"";
				DEVELOPMENT_TEAM = 4V2A3544C7;
				ENABLE_PREVIEWS = YES;
				GENERATE_INFOPLIST_FILE = YES;
				INFOPLIST_FILE = WellNest/Info.plist;
				INFOPLIST_KEY_CFBundleDisplayName = WellNest;
				INFOPLIST_KEY_LSApplicationCategoryType = "public.app-category.lifestyle";
				INFOPLIST_KEY_NSLocationAlwaysUsageDescription = "";
				INFOPLIST_KEY_NSLocationWhenInUseUsageDescription = "App needs to access your location data to tell you your location";
				INFOPLIST_KEY_UIApplicationSceneManifest_Generation = YES;
				INFOPLIST_KEY_UIApplicationSupportsIndirectInputEvents = YES;
				INFOPLIST_KEY_UILaunchScreen_Generation = YES;
				INFOPLIST_KEY_UISupportedInterfaceOrientations_iPad = "UIInterfaceOrientationPortrait UIInterfaceOrientationPortraitUpsideDown UIInterfaceOrientationLandscapeLeft UIInterfaceOrientationLandscapeRight";
				INFOPLIST_KEY_UISupportedInterfaceOrientations_iPhone = "UIInterfaceOrientationPortrait UIInterfaceOrientationLandscapeLeft UIInterfaceOrientationLandscapeRight";
				IPHONEOS_DEPLOYMENT_TARGET = 17.0;
				LD_RUNPATH_SEARCH_PATHS = (
					"$(inherited)",
					"@executable_path/Frameworks",
				);
				MARKETING_VERSION = 1.0;
				PRODUCT_BUNDLE_IDENTIFIER = com.joshktruong.wellnest;
				PRODUCT_NAME = "$(TARGET_NAME)";
				PROVISIONING_PROFILE_SPECIFIER = "";
				SUPPORTED_PLATFORMS = "appletvos appletvsimulator iphoneos iphonesimulator";
				SUPPORTS_MACCATALYST = NO;
				SWIFT_EMIT_LOC_STRINGS = YES;
				SWIFT_VERSION = 5.0;
				TARGETED_DEVICE_FAMILY = "1,2,3";
			};
			name = Release;
		};
/* End XCBuildConfiguration section */

/* Begin XCConfigurationList section */
		8D4C24352AB350260008447E /* Build configuration list for PBXProject "WellNest" */ = {
			isa = XCConfigurationList;
			buildConfigurations = (
				8D4C24462AB350260008447E /* Debug */,
				8D4C24472AB350260008447E /* Release */,
			);
			defaultConfigurationIsVisible = 0;
			defaultConfigurationName = Release;
		};
		8D4C24482AB350260008447E /* Build configuration list for PBXNativeTarget "WellNest" */ = {
			isa = XCConfigurationList;
			buildConfigurations = (
				8D4C24492AB350260008447E /* Debug */,
				8D4C244A2AB350260008447E /* Release */,
			);
			defaultConfigurationIsVisible = 0;
			defaultConfigurationName = Release;
		};
/* End XCConfigurationList section */

/* Begin XCRemoteSwiftPackageReference section */
		8D1B0D6E2AF349C200B43D7B /* XCRemoteSwiftPackageReference "firebase-ios-sdk" */ = {
			isa = XCRemoteSwiftPackageReference;
			repositoryURL = "https://github.com/firebase/firebase-ios-sdk";
			requirement = {
				kind = upToNextMajorVersion;
				minimumVersion = 10.17.0;
			};
		};
		8D7A510E2B17CC8500397762 /* XCRemoteSwiftPackageReference "CircularProgressSwiftui" */ = {
			isa = XCRemoteSwiftPackageReference;
			repositoryURL = "https://github.com/ArnavMotwani/CircularProgressSwiftui";
			requirement = {
				kind = upToNextMajorVersion;
				minimumVersion = 1.2.1;
			};
		};
		8DAE9B022B26F18A00FA1365 /* XCRemoteSwiftPackageReference "SwiftSoup" */ = {
			isa = XCRemoteSwiftPackageReference;
			repositoryURL = "https://github.com/scinfu/SwiftSoup.git";
			requirement = {
				kind = upToNextMajorVersion;
				minimumVersion = 2.6.1;
			};
		};
/* End XCRemoteSwiftPackageReference section */

/* Begin XCSwiftPackageProductDependency section */
		8D00FA942B064A6F00FFD541 /* FirebaseAnalytics */ = {
			isa = XCSwiftPackageProductDependency;
			productName = FirebaseAnalytics;
		};
		8D00FA962B064A6F00FFD541 /* FirebaseAnalyticsOnDeviceConversion */ = {
			isa = XCSwiftPackageProductDependency;
			productName = FirebaseAnalyticsOnDeviceConversion;
		};
		8D00FA982B064A6F00FFD541 /* FirebaseAnalyticsSwift */ = {
			isa = XCSwiftPackageProductDependency;
			productName = FirebaseAnalyticsSwift;
		};
		8D00FA9A2B064A6F00FFD541 /* FirebaseAnalyticsWithoutAdIdSupport */ = {
			isa = XCSwiftPackageProductDependency;
			productName = FirebaseAnalyticsWithoutAdIdSupport;
		};
		8D00FA9C2B064A6F00FFD541 /* FirebaseAppCheck */ = {
			isa = XCSwiftPackageProductDependency;
			productName = FirebaseAppCheck;
		};
		8D1B0D6F2AF349C200B43D7B /* FirebaseAnalytics */ = {
			isa = XCSwiftPackageProductDependency;
			package = 8D1B0D6E2AF349C200B43D7B /* XCRemoteSwiftPackageReference "firebase-ios-sdk" */;
			productName = FirebaseAnalytics;
		};
		8D1B0D712AF349C200B43D7B /* FirebaseAnalyticsOnDeviceConversion */ = {
			isa = XCSwiftPackageProductDependency;
			package = 8D1B0D6E2AF349C200B43D7B /* XCRemoteSwiftPackageReference "firebase-ios-sdk" */;
			productName = FirebaseAnalyticsOnDeviceConversion;
		};
		8D1B0D732AF349C200B43D7B /* FirebaseAnalyticsSwift */ = {
			isa = XCSwiftPackageProductDependency;
			package = 8D1B0D6E2AF349C200B43D7B /* XCRemoteSwiftPackageReference "firebase-ios-sdk" */;
			productName = FirebaseAnalyticsSwift;
		};
		8D1B0D752AF349C200B43D7B /* FirebaseAnalyticsWithoutAdIdSupport */ = {
			isa = XCSwiftPackageProductDependency;
			package = 8D1B0D6E2AF349C200B43D7B /* XCRemoteSwiftPackageReference "firebase-ios-sdk" */;
			productName = FirebaseAnalyticsWithoutAdIdSupport;
		};
		8D1B0D772AF349C200B43D7B /* FirebaseAppCheck */ = {
			isa = XCSwiftPackageProductDependency;
			package = 8D1B0D6E2AF349C200B43D7B /* XCRemoteSwiftPackageReference "firebase-ios-sdk" */;
			productName = FirebaseAppCheck;
		};
		8D2450632AF3588200CA248F /* FirebaseAnalytics */ = {
			isa = XCSwiftPackageProductDependency;
			productName = FirebaseAnalytics;
		};
		8D2450652AF3588200CA248F /* FirebaseAnalyticsOnDeviceConversion */ = {
			isa = XCSwiftPackageProductDependency;
			productName = FirebaseAnalyticsOnDeviceConversion;
		};
		8D2450672AF3588200CA248F /* FirebaseAnalyticsSwift */ = {
			isa = XCSwiftPackageProductDependency;
			productName = FirebaseAnalyticsSwift;
		};
		8D2450692AF3588200CA248F /* FirebaseAnalyticsWithoutAdIdSupport */ = {
			isa = XCSwiftPackageProductDependency;
			productName = FirebaseAnalyticsWithoutAdIdSupport;
		};
		8D24506B2AF3588200CA248F /* FirebaseAppCheck */ = {
			isa = XCSwiftPackageProductDependency;
			productName = FirebaseAppCheck;
		};
		8D24506D2AF358C700CA248F /* FirebaseAnalytics */ = {
			isa = XCSwiftPackageProductDependency;
			productName = FirebaseAnalytics;
		};
		8D24506F2AF358C700CA248F /* FirebaseAnalyticsOnDeviceConversion */ = {
			isa = XCSwiftPackageProductDependency;
			productName = FirebaseAnalyticsOnDeviceConversion;
		};
		8D2450712AF358C700CA248F /* FirebaseAnalyticsSwift */ = {
			isa = XCSwiftPackageProductDependency;
			productName = FirebaseAnalyticsSwift;
		};
		8D2450732AF358C700CA248F /* FirebaseAnalyticsWithoutAdIdSupport */ = {
			isa = XCSwiftPackageProductDependency;
			productName = FirebaseAnalyticsWithoutAdIdSupport;
		};
		8D2450752AF358C700CA248F /* FirebaseAppCheck */ = {
			isa = XCSwiftPackageProductDependency;
			productName = FirebaseAppCheck;
		};
		8D2450772AF358C700CA248F /* FirebaseAppDistribution-Beta */ = {
			isa = XCSwiftPackageProductDependency;
			productName = "FirebaseAppDistribution-Beta";
		};
		8D2450792AF358C700CA248F /* FirebaseAuth */ = {
			isa = XCSwiftPackageProductDependency;
			productName = FirebaseAuth;
		};
		8D24507B2AF358C700CA248F /* FirebaseAuthCombine-Community */ = {
			isa = XCSwiftPackageProductDependency;
			productName = "FirebaseAuthCombine-Community";
		};
		8D24507D2AF358C700CA248F /* FirebaseCrashlytics */ = {
			isa = XCSwiftPackageProductDependency;
			productName = FirebaseCrashlytics;
		};
		8D24507F2AF358C700CA248F /* FirebaseDatabase */ = {
			isa = XCSwiftPackageProductDependency;
			productName = FirebaseDatabase;
		};
		8D2450812AF358C700CA248F /* FirebaseDatabaseSwift */ = {
			isa = XCSwiftPackageProductDependency;
			productName = FirebaseDatabaseSwift;
		};
		8D2450832AF358C700CA248F /* FirebaseDynamicLinks */ = {
			isa = XCSwiftPackageProductDependency;
			productName = FirebaseDynamicLinks;
		};
		8D2450852AF358C700CA248F /* FirebaseFirestore */ = {
			isa = XCSwiftPackageProductDependency;
			productName = FirebaseFirestore;
		};
		8D2450872AF358C700CA248F /* FirebaseFirestoreCombine-Community */ = {
			isa = XCSwiftPackageProductDependency;
			productName = "FirebaseFirestoreCombine-Community";
		};
		8D2450892AF358C700CA248F /* FirebaseFirestoreSwift */ = {
			isa = XCSwiftPackageProductDependency;
			productName = FirebaseFirestoreSwift;
		};
		8D24508B2AF358C700CA248F /* FirebaseFunctions */ = {
			isa = XCSwiftPackageProductDependency;
			productName = FirebaseFunctions;
		};
		8D24508D2AF358C700CA248F /* FirebaseFunctionsCombine-Community */ = {
			isa = XCSwiftPackageProductDependency;
			productName = "FirebaseFunctionsCombine-Community";
		};
		8D24508F2AF358C700CA248F /* FirebaseInAppMessaging-Beta */ = {
			isa = XCSwiftPackageProductDependency;
			productName = "FirebaseInAppMessaging-Beta";
		};
		8D2450912AF358C700CA248F /* FirebaseInAppMessagingSwift-Beta */ = {
			isa = XCSwiftPackageProductDependency;
			productName = "FirebaseInAppMessagingSwift-Beta";
		};
		8D2450932AF358C700CA248F /* FirebaseInstallations */ = {
			isa = XCSwiftPackageProductDependency;
			productName = FirebaseInstallations;
		};
		8D2450952AF358C700CA248F /* FirebaseMLModelDownloader */ = {
			isa = XCSwiftPackageProductDependency;
			productName = FirebaseMLModelDownloader;
		};
		8D2450972AF358C700CA248F /* FirebaseMessaging */ = {
			isa = XCSwiftPackageProductDependency;
			productName = FirebaseMessaging;
		};
		8D2450992AF358C700CA248F /* FirebasePerformance */ = {
			isa = XCSwiftPackageProductDependency;
			productName = FirebasePerformance;
		};
		8D24509B2AF358C700CA248F /* FirebaseRemoteConfig */ = {
			isa = XCSwiftPackageProductDependency;
			productName = FirebaseRemoteConfig;
		};
		8D24509D2AF358C700CA248F /* FirebaseRemoteConfigSwift */ = {
			isa = XCSwiftPackageProductDependency;
			productName = FirebaseRemoteConfigSwift;
		};
		8D24509F2AF358C700CA248F /* FirebaseStorage */ = {
			isa = XCSwiftPackageProductDependency;
			productName = FirebaseStorage;
		};
		8D2450A12AF358C700CA248F /* FirebaseStorageCombine-Community */ = {
			isa = XCSwiftPackageProductDependency;
			productName = "FirebaseStorageCombine-Community";
		};
		8D7A510F2B17CC8500397762 /* CircularProgress */ = {
			isa = XCSwiftPackageProductDependency;
			package = 8D7A510E2B17CC8500397762 /* XCRemoteSwiftPackageReference "CircularProgressSwiftui" */;
			productName = CircularProgress;
		};
		8DAE9B032B26F18A00FA1365 /* SwiftSoup */ = {
			isa = XCSwiftPackageProductDependency;
			package = 8DAE9B022B26F18A00FA1365 /* XCRemoteSwiftPackageReference "SwiftSoup" */;
			productName = SwiftSoup;
		};
/* End XCSwiftPackageProductDependency section */

/* Begin XCVersionGroup section */
		8DD6AD772B20F33800C8364E /* RecordModel.xcdatamodeld */ = {
			isa = XCVersionGroup;
			children = (
				8DD6AD782B20F33800C8364E /* RecordModel.xcdatamodel */,
			);
			currentVersion = 8DD6AD782B20F33800C8364E /* RecordModel.xcdatamodel */;
			path = RecordModel.xcdatamodeld;
			sourceTree = "<group>";
			versionGroupType = wrapper.xcdatamodel;
		};
/* End XCVersionGroup section */
	};
	rootObject = 8D4C24322AB350260008447E /* Project object */;
}
